// !$*UTF8*$!
{
	archiveVersion = 1;
	classes = {
	};
	objectVersion = 46;
	objects = {
/* Begin PBXBuildFile section */
		00AE555FBFC04D5BBF0B6CFD /* infback.c in Sources */ = {isa = PBXBuildFile; fileRef = F2F6239B865C481F8F1EFDC2 /* infback.c */; };
		035BF24EC9EA46968D7C32E9 /* inflate.c in Sources */ = {isa = PBXBuildFile; fileRef = 0BA4044E693D4041BA34DE51 /* inflate.c */; };
		03C1354886AB442DB8DB6689 /* unzip.c in Sources */ = {isa = PBXBuildFile; fileRef = 83E87976FAB24DECB5CF53A6 /* unzip.c */; };
		0CAF7278A186469A9DA98879 /* UNIBodyRequest.m in Sources */ = {isa = PBXBuildFile; fileRef = 0FC9A01F322D40B2B01C2F87 /* UNIBodyRequest.m */; };
		181232A339E841BAB8E9ACEC /* CDVLogger.m in Sources */ = {isa = PBXBuildFile; fileRef = A491E53779FE4ECA872FDF63 /* CDVLogger.m */; };
		1D3623260D0F684500981E51 /* AppDelegate.m in Sources */ = {isa = PBXBuildFile; fileRef = 1D3623250D0F684500981E51 /* AppDelegate.m */; };
		1D60589B0D05DD56006BFB54 /* main.m in Sources */ = {isa = PBXBuildFile; fileRef = 29B97316FDCFA39411CA2CEA /* main.m */; };
		1F17A09F9B4B41B99ED36662 /* Base64.m in Sources */ = {isa = PBXBuildFile; fileRef = 4F4D4E46FCC4412A92A8338D /* Base64.m */; };
		2676FF3794324C65A33F73B0 /* CoreLocation.framework in Frameworks */ = {isa = PBXBuildFile; fileRef = 5546572954714C67AB6CF75C /* CoreLocation.framework */; };
		28192C2BAC63449DBCD00F9B /* DownloadManager.m in Sources */ = {isa = PBXBuildFile; fileRef = 9574A98422114426A058349F /* DownloadManager.m */; };
		288765FD0DF74451002DB57D /* CoreGraphics.framework in Frameworks */ = {isa = PBXBuildFile; fileRef = 288765FC0DF74451002DB57D /* CoreGraphics.framework */; };
		2CD9C78432DA4CA085FB3617 /* inffast.c in Sources */ = {isa = PBXBuildFile; fileRef = B636387E557747AEA7D1BF6E /* inffast.c */; };
		2D3F21C61B054EFA8B8DB8F7 /* trees.c in Sources */ = {isa = PBXBuildFile; fileRef = 8020E7E8C2DF4858BEC0BFC2 /* trees.c */; };
		2EEE00291BEC9DFF005337F0 /* InterfaceController.m in Sources */ = {isa = PBXBuildFile; fileRef = 2EEE00281BEC9DFF005337F0 /* InterfaceController.m */; };
		2EEE002B1BEC9DFF005337F0 /* Assets.xcassets in Resources */ = {isa = PBXBuildFile; fileRef = 2EEE002A1BEC9DFF005337F0 /* Assets.xcassets */; };
		2EEE00301BEC9DFF005337F0 /* TodayWeather WatchKit 1 App.app in Resources */ = {isa = PBXBuildFile; fileRef = 2EEE002F1BEC9DFF005337F0 /* TodayWeather WatchKit 1 App.app */; };
		2EEE00361BEC9DFF005337F0 /* Interface.storyboard in Resources */ = {isa = PBXBuildFile; fileRef = 2EEE00341BEC9DFF005337F0 /* Interface.storyboard */; };
		2EEE00381BEC9DFF005337F0 /* Assets.xcassets in Resources */ = {isa = PBXBuildFile; fileRef = 2EEE00371BEC9DFF005337F0 /* Assets.xcassets */; };
		2EEE003C1BEC9DFF005337F0 /* TodayWeather WatchKit 1 Extension.appex in Embed App Extensions */ = {isa = PBXBuildFile; fileRef = 2EEE00251BEC9DFF005337F0 /* TodayWeather WatchKit 1 Extension.appex */; settings = {ATTRIBUTES = (RemoveHeadersOnCopy, ); }; };
		2EEE00451BEC9EA8005337F0 /* MMWormhole.m in Sources */ = {isa = PBXBuildFile; fileRef = C0EE9E7E896C41158B8BFABF /* MMWormhole.m */; };
		2EEE00461BEC9EAC005337F0 /* MMWormholeCoordinatedFileTransiting.m in Sources */ = {isa = PBXBuildFile; fileRef = 6AFC4546663C46BEB0841BFB /* MMWormholeCoordinatedFileTransiting.m */; };
		2EEE00471BEC9EAE005337F0 /* MMWormholeFileTransiting.m in Sources */ = {isa = PBXBuildFile; fileRef = DBC1766716C843C3AEB46680 /* MMWormholeFileTransiting.m */; };
		2EEE00481BEC9EB3005337F0 /* MMWormholeSession.m in Sources */ = {isa = PBXBuildFile; fileRef = 44443DE402A4436E9CB4BD40 /* MMWormholeSession.m */; };
		2EEE00491BEC9EB5005337F0 /* MMWormholeSessionContextTransiting.m in Sources */ = {isa = PBXBuildFile; fileRef = 9F1D20CC201B48869AB869C5 /* MMWormholeSessionContextTransiting.m */; };
		2EEE004A1BEC9EB8005337F0 /* MMWormholeSessionFileTransiting.m in Sources */ = {isa = PBXBuildFile; fileRef = A31C3B358D0E4E2290409038 /* MMWormholeSessionFileTransiting.m */; };
		2EEE004B1BEC9EBB005337F0 /* MMWormholeSessionMessageTransiting.m in Sources */ = {isa = PBXBuildFile; fileRef = 6A78A5DC282243E8AD98FE65 /* MMWormholeSessionMessageTransiting.m */; };
		2EEE00661BEDEC68005337F0 /* Cloud.png in Resources */ = {isa = PBXBuildFile; fileRef = 2EEE00591BEDEC68005337F0 /* Cloud.png */; };
		2EEE00671BEDEC68005337F0 /* Lightning.png in Resources */ = {isa = PBXBuildFile; fileRef = 2EEE005A1BEDEC68005337F0 /* Lightning.png */; };
		2EEE00681BEDEC68005337F0 /* Moon.png in Resources */ = {isa = PBXBuildFile; fileRef = 2EEE005B1BEDEC68005337F0 /* Moon.png */; };
		2EEE00691BEDEC68005337F0 /* MoonWithCloud.png in Resources */ = {isa = PBXBuildFile; fileRef = 2EEE005C1BEDEC68005337F0 /* MoonWithCloud.png */; };
		2EEE006A1BEDEC68005337F0 /* Rain.png in Resources */ = {isa = PBXBuildFile; fileRef = 2EEE005D1BEDEC68005337F0 /* Rain.png */; };
		2EEE006B1BEDEC68005337F0 /* RainWithLightning.png in Resources */ = {isa = PBXBuildFile; fileRef = 2EEE005E1BEDEC68005337F0 /* RainWithLightning.png */; };
		2EEE006C1BEDEC68005337F0 /* RainWithSnow.png in Resources */ = {isa = PBXBuildFile; fileRef = 2EEE005F1BEDEC68005337F0 /* RainWithSnow.png */; };
		2EEE006D1BEDEC68005337F0 /* Snow.png in Resources */ = {isa = PBXBuildFile; fileRef = 2EEE00601BEDEC68005337F0 /* Snow.png */; };
		2EEE006E1BEDEC68005337F0 /* Sun.png in Resources */ = {isa = PBXBuildFile; fileRef = 2EEE00611BEDEC68005337F0 /* Sun.png */; };
		2EEE006F1BEDEC68005337F0 /* SunRising.png in Resources */ = {isa = PBXBuildFile; fileRef = 2EEE00621BEDEC68005337F0 /* SunRising.png */; };
		2EEE00701BEDEC68005337F0 /* SunSet.png in Resources */ = {isa = PBXBuildFile; fileRef = 2EEE00631BEDEC68005337F0 /* SunSet.png */; };
		2EEE00711BEDEC68005337F0 /* SunWithCloud.png in Resources */ = {isa = PBXBuildFile; fileRef = 2EEE00641BEDEC68005337F0 /* SunWithCloud.png */; };
		2EEE00721BEDEC68005337F0 /* WindWithCloud.png in Resources */ = {isa = PBXBuildFile; fileRef = 2EEE00651BEDEC68005337F0 /* WindWithCloud.png */; };
		2EEE00CF1BEF9EA1005337F0 /* reddot.png in Resources */ = {isa = PBXBuildFile; fileRef = 2EEE00CE1BEF9EA1005337F0 /* reddot.png */; };
		301BF552109A68D80062928A /* libCordova.a in Frameworks */ = {isa = PBXBuildFile; fileRef = 301BF535109A57CC0062928A /* libCordova.a */; };
		302D95F114D2391D003F00A1 /* MainViewController.m in Sources */ = {isa = PBXBuildFile; fileRef = 302D95EF14D2391D003F00A1 /* MainViewController.m */; };
		302D95F214D2391D003F00A1 /* MainViewController.xib in Resources */ = {isa = PBXBuildFile; fileRef = 302D95F014D2391D003F00A1 /* MainViewController.xib */; };
		305D5FD1115AB8F900A74A75 /* MobileCoreServices.framework in Frameworks */ = {isa = PBXBuildFile; fileRef = 305D5FD0115AB8F900A74A75 /* MobileCoreServices.framework */; };
		3088BBBD154F3926009F9C59 /* Default-Landscape@2x~ipad.png in Resources */ = {isa = PBXBuildFile; fileRef = 3088BBB7154F3926009F9C59 /* Default-Landscape@2x~ipad.png */; };
		3088BBBE154F3926009F9C59 /* Default-Landscape~ipad.png in Resources */ = {isa = PBXBuildFile; fileRef = 3088BBB8154F3926009F9C59 /* Default-Landscape~ipad.png */; };
		3088BBBF154F3926009F9C59 /* Default-Portrait@2x~ipad.png in Resources */ = {isa = PBXBuildFile; fileRef = 3088BBB9154F3926009F9C59 /* Default-Portrait@2x~ipad.png */; };
		3088BBC0154F3926009F9C59 /* Default-Portrait~ipad.png in Resources */ = {isa = PBXBuildFile; fileRef = 3088BBBA154F3926009F9C59 /* Default-Portrait~ipad.png */; };
		3088BBC1154F3926009F9C59 /* Default@2x~iphone.png in Resources */ = {isa = PBXBuildFile; fileRef = 3088BBBB154F3926009F9C59 /* Default@2x~iphone.png */; };
		3088BBC2154F3926009F9C59 /* Default~iphone.png in Resources */ = {isa = PBXBuildFile; fileRef = 3088BBBC154F3926009F9C59 /* Default~iphone.png */; };
		308D05371370CCF300D202BF /* icon-72.png in Resources */ = {isa = PBXBuildFile; fileRef = 308D052E1370CCF300D202BF /* icon-72.png */; };
		308D05381370CCF300D202BF /* icon.png in Resources */ = {isa = PBXBuildFile; fileRef = 308D052F1370CCF300D202BF /* icon.png */; };
		308D05391370CCF300D202BF /* icon@2x.png in Resources */ = {isa = PBXBuildFile; fileRef = 308D05301370CCF300D202BF /* icon@2x.png */; };
		30B4F30019D5E07200D9F7D8 /* Default-667h.png in Resources */ = {isa = PBXBuildFile; fileRef = 30B4F2FD19D5E07200D9F7D8 /* Default-667h.png */; };
		30B4F30119D5E07200D9F7D8 /* Default-736h.png in Resources */ = {isa = PBXBuildFile; fileRef = 30B4F2FE19D5E07200D9F7D8 /* Default-736h.png */; };
		30B4F30219D5E07200D9F7D8 /* Default-Landscape-736h.png in Resources */ = {isa = PBXBuildFile; fileRef = 30B4F2FF19D5E07200D9F7D8 /* Default-Landscape-736h.png */; };
		30C1856619D5FC0A00212699 /* icon-60@3x.png in Resources */ = {isa = PBXBuildFile; fileRef = 30C1856519D5FC0A00212699 /* icon-60@3x.png */; };
		30FC414916E50CA1004E6F35 /* icon-72@2x.png in Resources */ = {isa = PBXBuildFile; fileRef = 30FC414816E50CA1004E6F35 /* icon-72@2x.png */; };
		32649E3FC8EB422F97F90097 /* Foundation.framework in Frameworks */ = {isa = PBXBuildFile; fileRef = F0CF0C1282044352A7375936 /* Foundation.framework */; };
		347330260FA84070A8684AB2 /* UNIHTTPStringResponse.m in Sources */ = {isa = PBXBuildFile; fileRef = 380334EE21B84D318240EF48 /* UNIHTTPStringResponse.m */; };
		37263B04332E4D58A1999D87 /* ioapi.c in Sources */ = {isa = PBXBuildFile; fileRef = 7B08DC2A1DE74BDFBE15D096 /* ioapi.c */; };
		39886C2B99404DC9BB5B4978 /* CDVLocation.m in Sources */ = {isa = PBXBuildFile; fileRef = 1F59765856A64E18A8EAA2FC /* CDVLocation.m */; };
		41EF7247154B4CB488F013FC /* MMWormholeSession.h in Sources */ = {isa = PBXBuildFile; fileRef = E81268167C924BF68FB560DA /* MMWormholeSession.h */; };
		4B7D190934B64E34BA39937F /* MMWormholeSessionFileTransiting.h in Sources */ = {isa = PBXBuildFile; fileRef = C906A0022193460E9ABCB053 /* MMWormholeSessionFileTransiting.h */; };
		4DD0C6CCECE346249ECCE2D7 /* MMWormholeSessionContextTransiting.m in Sources */ = {isa = PBXBuildFile; fileRef = 9F1D20CC201B48869AB869C5 /* MMWormholeSessionContextTransiting.m */; };
		53D10C8E9DE44A9B91B887C7 /* CDVSplashScreen.m in Sources */ = {isa = PBXBuildFile; fileRef = EE23FC788768448E86050BD4 /* CDVSplashScreen.m */; };
		54AE8FDB67CA4790B2DC4AFE /* zip.c in Sources */ = {isa = PBXBuildFile; fileRef = FFF57D488B2F4A29B097C2CF /* zip.c */; };
		56E87C58713447A3B34742F3 /* deflate.c in Sources */ = {isa = PBXBuildFile; fileRef = B68E47644E5F462B9A8AE5D7 /* deflate.c */; };
		59CBEA8C1A6F455486068975 /* UNIUrlConnection.m in Sources */ = {isa = PBXBuildFile; fileRef = 48CFA31C1BBC46DFB936592B /* UNIUrlConnection.m */; };
		5B1594DD16A7569C00FEF299 /* AssetsLibrary.framework in Frameworks */ = {isa = PBXBuildFile; fileRef = 5B1594DC16A7569C00FEF299 /* AssetsLibrary.framework */; };
		662B63D415E74B34A2C49038 /* IonicKeyboard.m in Sources */ = {isa = PBXBuildFile; fileRef = FC5D1FD62DCB47C999FF2E5E /* IonicKeyboard.m */; };
		6ABEEE6E0D7346178DC2E38F /* UNIHTTPRequest.m in Sources */ = {isa = PBXBuildFile; fileRef = 6571270A6ED44D92928574EE /* UNIHTTPRequest.m */; };
		6C49C336027B4234BA582EC7 /* MMWormhole.m in Sources */ = {isa = PBXBuildFile; fileRef = C0EE9E7E896C41158B8BFABF /* MMWormhole.m */; };
		72C6A104E3B0458AB72BF0DE /* gzlib.c in Sources */ = {isa = PBXBuildFile; fileRef = 33487122935F4CD48755F61D /* gzlib.c */; };
		75922E3744ED4522826C2362 /* Download.m in Sources */ = {isa = PBXBuildFile; fileRef = 5786B2A397E045ED84F3DF7F /* Download.m */; };
		75C7C0695831435DBDE2F759 /* adler32.c in Sources */ = {isa = PBXBuildFile; fileRef = 3B989ACDDE3440D2A7C01163 /* adler32.c */; };
		7E7966DE1810823500FA85AD /* icon-40.png in Resources */ = {isa = PBXBuildFile; fileRef = 7E7966D41810823500FA85AD /* icon-40.png */; };
		7E7966DF1810823500FA85AD /* icon-40@2x.png in Resources */ = {isa = PBXBuildFile; fileRef = 7E7966D51810823500FA85AD /* icon-40@2x.png */; };
		7E7966E01810823500FA85AD /* icon-50.png in Resources */ = {isa = PBXBuildFile; fileRef = 7E7966D61810823500FA85AD /* icon-50.png */; };
		7E7966E11810823500FA85AD /* icon-50@2x.png in Resources */ = {isa = PBXBuildFile; fileRef = 7E7966D71810823500FA85AD /* icon-50@2x.png */; };
		7E7966E21810823500FA85AD /* icon-60.png in Resources */ = {isa = PBXBuildFile; fileRef = 7E7966D81810823500FA85AD /* icon-60.png */; };
		7E7966E31810823500FA85AD /* icon-60@2x.png in Resources */ = {isa = PBXBuildFile; fileRef = 7E7966D91810823500FA85AD /* icon-60@2x.png */; };
		7E7966E41810823500FA85AD /* icon-76.png in Resources */ = {isa = PBXBuildFile; fileRef = 7E7966DA1810823500FA85AD /* icon-76.png */; };
		7E7966E51810823500FA85AD /* icon-76@2x.png in Resources */ = {isa = PBXBuildFile; fileRef = 7E7966DB1810823500FA85AD /* icon-76@2x.png */; };
		7E7966E61810823500FA85AD /* icon-small.png in Resources */ = {isa = PBXBuildFile; fileRef = 7E7966DC1810823500FA85AD /* icon-small.png */; };
		7E7966E71810823500FA85AD /* icon-small@2x.png in Resources */ = {isa = PBXBuildFile; fileRef = 7E7966DD1810823500FA85AD /* icon-small@2x.png */; };
		911BB285A0AC41888466B015 /* SSZipArchive.m in Sources */ = {isa = PBXBuildFile; fileRef = 6A9BAD89B973410E8A03E431 /* SSZipArchive.m */; };
		95B69E7AEBFA45ABB75EF495 /* UNIHTTPRequestWithBody.m in Sources */ = {isa = PBXBuildFile; fileRef = 8B2697E3FD4E4B5FA0F77A43 /* UNIHTTPRequestWithBody.m */; };
		A4C24AFEADAB47088CC411DB /* UNIBaseRequest.m in Sources */ = {isa = PBXBuildFile; fileRef = 55404D10D5ED4BA4A9E15CFC /* UNIBaseRequest.m */; };
		A62EC618B9034399A7D3EBA2 /* UNIHTTPClientHelper.m in Sources */ = {isa = PBXBuildFile; fileRef = F32CCE8BF9434552B6535FE2 /* UNIHTTPClientHelper.m */; };
		A971C72FFE1E4491AE05D84B /* WatchConnectivity.framework in Frameworks */ = {isa = PBXBuildFile; fileRef = DBA5B4F29E264B6FABB5C961 /* WatchConnectivity.framework */; };
		AE2BD3E008AA4D529017EE74 /* AppleWatch.m in Sources */ = {isa = PBXBuildFile; fileRef = 744A7DFDE820435EADD21587 /* AppleWatch.m */; };
		B156938832884C30A8887742 /* CDVViewController+SplashScreen.m in Sources */ = {isa = PBXBuildFile; fileRef = BE15BE5ECF4E4F099679F6AB /* CDVViewController+SplashScreen.m */; };
		B79756D35BE247B8838FE9E1 /* IonicDeploy.m in Sources */ = {isa = PBXBuildFile; fileRef = 095EF66E26D744E4AC397663 /* IonicDeploy.m */; };
		B8FF3E7F3F33470790B5E9E9 /* inftrees.c in Sources */ = {isa = PBXBuildFile; fileRef = A4F81EA40658453D8563D6EB /* inftrees.c */; };
		B9CBB5EFC2744959984A6323 /* gzclose.c in Sources */ = {isa = PBXBuildFile; fileRef = DEACF4C3AF504FF38C16F203 /* gzclose.c */; };
		BD67010EA652453790D760C2 /* gzread.c in Sources */ = {isa = PBXBuildFile; fileRef = AEA2CF95C1FF4E9D87D6F510 /* gzread.c */; };
		C4C9FD026C584FBCAD7FE39D /* UNIHTTPBinaryResponse.m in Sources */ = {isa = PBXBuildFile; fileRef = 9715CEF28822468988ADD47B /* UNIHTTPBinaryResponse.m */; };
		C80FCAAA09324AD3AB6C3684 /* MMWormholeTransiting.h in Sources */ = {isa = PBXBuildFile; fileRef = F61EE5A3F85E4B2081BBB79E /* MMWormholeTransiting.h */; };
		CB7B7B9F8E0245B8AAB0FCBF /* UNIHTTPResponse.m in Sources */ = {isa = PBXBuildFile; fileRef = 9306A264D1D747EBAFD9FDB1 /* UNIHTTPResponse.m */; };
		CBB35A6AA9C14F3DAB017E98 /* CDVStatusBar.m in Sources */ = {isa = PBXBuildFile; fileRef = 9D85217E3336408AA498EBB3 /* CDVStatusBar.m */; };
		D0D5183B707C48FA89F7A9E4 /* MMWormholeSessionMessageTransiting.m in Sources */ = {isa = PBXBuildFile; fileRef = 6A78A5DC282243E8AD98FE65 /* MMWormholeSessionMessageTransiting.m */; };
		D1ABDA503ECB433788D5C6B4 /* zutil.c in Sources */ = {isa = PBXBuildFile; fileRef = 404B94E7285B4F2FBE3A9316 /* zutil.c */; };
		D2A3C603097549138291882B /* MMWormholeSessionFileTransiting.m in Sources */ = {isa = PBXBuildFile; fileRef = A31C3B358D0E4E2290409038 /* MMWormholeSessionFileTransiting.m */; };
		D4A0D8761607E02300AEF8BB /* Default-568h@2x~iphone.png in Resources */ = {isa = PBXBuildFile; fileRef = D4A0D8751607E02300AEF8BB /* Default-568h@2x~iphone.png */; };
		D6378014B70A469DAD5DF1C9 /* UIWebViewExtension.m in Sources */ = {isa = PBXBuildFile; fileRef = 8C8E8CFDD92042B68E709081 /* UIWebViewExtension.m */; };
		D7F983C7795D487FA1A28DD6 /* compress.c in Sources */ = {isa = PBXBuildFile; fileRef = 5C20A593D5D8431483465768 /* compress.c */; };
		D865CDDF8EDF4D1BBFF80814 /* MMWormholeCoordinatedFileTransiting.m in Sources */ = {isa = PBXBuildFile; fileRef = 6AFC4546663C46BEB0841BFB /* MMWormholeCoordinatedFileTransiting.m */; };
		DAC9CA5C54044725A4556362 /* MMWormholeFileTransiting.m in Sources */ = {isa = PBXBuildFile; fileRef = DBC1766716C843C3AEB46680 /* MMWormholeFileTransiting.m */; };
		DC5F78FC92764E49A6723EE6 /* UNIJsonNode.m in Sources */ = {isa = PBXBuildFile; fileRef = A453CB0ED4F04A728412A5C9 /* UNIJsonNode.m */; };
		E06FFEAB9456420393ECCD50 /* gzwrite.c in Sources */ = {isa = PBXBuildFile; fileRef = 814F59F823BA421691F61F13 /* gzwrite.c */; };
		E3CAD63FBDAC4951A669AFDA /* MMWormholeSessionContextTransiting.h in Sources */ = {isa = PBXBuildFile; fileRef = B849981C7B55486C96EFA8D9 /* MMWormholeSessionContextTransiting.h */; };
		E491DE137ACB45388C21182F /* CDVDevice.m in Sources */ = {isa = PBXBuildFile; fileRef = 999482D05AB04BD5A3AFD42B /* CDVDevice.m */; };
		E611ED4A1F384B63AB1231F7 /* IonicConstant.m in Sources */ = {isa = PBXBuildFile; fileRef = 2862B7F6DF4C409BB90238BE /* IonicConstant.m */; };
		E9436E6831754693B7C00CC6 /* MMWormholeSession.m in Sources */ = {isa = PBXBuildFile; fileRef = 44443DE402A4436E9CB4BD40 /* MMWormholeSession.m */; };
		EB8973FD0F324826BAE08EDD /* UNIHTTPJsonResponse.m in Sources */ = {isa = PBXBuildFile; fileRef = 6A61BBD479A44E86A5639AA2 /* UNIHTTPJsonResponse.m */; };
		F1D3CFC8626D4C3F8AF87AF7 /* crc32.c in Sources */ = {isa = PBXBuildFile; fileRef = 12A736DB08B04A7B8D2BC3A1 /* crc32.c */; };
		F21284A520254F1FAB92F169 /* UNIRest.m in Sources */ = {isa = PBXBuildFile; fileRef = 9DDC8B0208BA47F99B6DE322 /* UNIRest.m */; };
		F35CEE8B8AB147B794991244 /* MMWormholeSessionMessageTransiting.h in Sources */ = {isa = PBXBuildFile; fileRef = 9CDF0D545B954BC788F8B75D /* MMWormholeSessionMessageTransiting.h */; };
		F536D7E7BA2749CDAF149F9A /* uncompr.c in Sources */ = {isa = PBXBuildFile; fileRef = 6B77F6003F754FF78C8C9E02 /* uncompr.c */; };
		F9552388B6374C7597BEB829 /* UNISimpleRequest.m in Sources */ = {isa = PBXBuildFile; fileRef = F7B936F5D27648DA8D229469 /* UNISimpleRequest.m */; };
/* End PBXBuildFile section */

/* Begin PBXContainerItemProxy section */
		2EEE00311BEC9DFF005337F0 /* PBXContainerItemProxy */ = {
			isa = PBXContainerItemProxy;
			containerPortal = 29B97313FDCFA39411CA2CEA /* Project object */;
			proxyType = 1;
			remoteGlobalIDString = 2EEE002E1BEC9DFF005337F0;
			remoteInfo = "TodayWeather WatchKit 1 App";
		};
		2EEE003A1BEC9DFF005337F0 /* PBXContainerItemProxy */ = {
			isa = PBXContainerItemProxy;
			containerPortal = 29B97313FDCFA39411CA2CEA /* Project object */;
			proxyType = 1;
			remoteGlobalIDString = 2EEE00241BEC9DFF005337F0;
			remoteInfo = "TodayWeather WatchKit 1 Extension";
		};
		301BF534109A57CC0062928A /* PBXContainerItemProxy */ = {
			isa = PBXContainerItemProxy;
			containerPortal = 301BF52D109A57CC0062928A /* CordovaLib.xcodeproj */;
			proxyType = 2;
			remoteGlobalIDString = D2AAC07E0554694100DB518D;
			remoteInfo = CordovaLib;
		};
		301BF550109A68C00062928A /* PBXContainerItemProxy */ = {
			isa = PBXContainerItemProxy;
			containerPortal = 301BF52D109A57CC0062928A /* CordovaLib.xcodeproj */;
			proxyType = 1;
			remoteGlobalIDString = D2AAC07D0554694100DB518D;
			remoteInfo = CordovaLib;
		};
/* End PBXContainerItemProxy section */

/* Begin PBXCopyFilesBuildPhase section */
		2EEE00431BEC9DFF005337F0 /* Embed App Extensions */ = {
			isa = PBXCopyFilesBuildPhase;
			buildActionMask = 2147483647;
			dstPath = "";
			dstSubfolderSpec = 13;
			files = (
				2EEE003C1BEC9DFF005337F0 /* TodayWeather WatchKit 1 Extension.appex in Embed App Extensions */,
			);
			name = "Embed App Extensions";
			runOnlyForDeploymentPostprocessing = 0;
		};
/* End PBXCopyFilesBuildPhase section */

/* Begin PBXFileReference section */
		002956DCF8FE4192AD38E14B /* MMWormholeCoordinatedFileTransiting.h */ = {isa = PBXFileReference; fileEncoding = 4; lastKnownFileType = sourcecode.c.h; name = MMWormholeCoordinatedFileTransiting.h; path = "cordova-plugin-apple-watch/MMWormholeCoordinatedFileTransiting.h"; sourceTree = "<group>"; };
		06C781E34591455EB6E391A1 /* zlib.h */ = {isa = PBXFileReference; fileEncoding = 4; lastKnownFileType = sourcecode.c.h; name = zlib.h; path = "ionic-plugin-deploy/zlib.h"; sourceTree = "<group>"; };
		095EF66E26D744E4AC397663 /* IonicDeploy.m */ = {isa = PBXFileReference; fileEncoding = 4; lastKnownFileType = sourcecode.c.objc; name = IonicDeploy.m; path = "ionic-plugin-deploy/IonicDeploy.m"; sourceTree = "<group>"; };
		0BA4044E693D4041BA34DE51 /* inflate.c */ = {isa = PBXFileReference; fileEncoding = 4; lastKnownFileType = unknown; name = inflate.c; path = "ionic-plugin-deploy/inflate.c"; sourceTree = "<group>"; };
		0FC9A01F322D40B2B01C2F87 /* UNIBodyRequest.m */ = {isa = PBXFileReference; fileEncoding = 4; lastKnownFileType = sourcecode.c.objc; name = UNIBodyRequest.m; path = "ionic-plugin-deploy/UNIBodyRequest.m"; sourceTree = "<group>"; };
		12A736DB08B04A7B8D2BC3A1 /* crc32.c */ = {isa = PBXFileReference; fileEncoding = 4; lastKnownFileType = unknown; name = crc32.c; path = "ionic-plugin-deploy/crc32.c"; sourceTree = "<group>"; };
		12BF7001063048E59D6B5EAF /* ioapi.h */ = {isa = PBXFileReference; fileEncoding = 4; lastKnownFileType = sourcecode.c.h; name = ioapi.h; path = "ionic-plugin-deploy/ioapi.h"; sourceTree = "<group>"; };
		18C521A1585E4455A793A439 /* CDVLogger.h */ = {isa = PBXFileReference; fileEncoding = 4; lastKnownFileType = sourcecode.c.h; name = CDVLogger.h; path = "cordova-plugin-console/CDVLogger.h"; sourceTree = "<group>"; };
		1D3623240D0F684500981E51 /* AppDelegate.h */ = {isa = PBXFileReference; fileEncoding = 4; lastKnownFileType = sourcecode.c.h; path = AppDelegate.h; sourceTree = "<group>"; };
		1D3623250D0F684500981E51 /* AppDelegate.m */ = {isa = PBXFileReference; fileEncoding = 4; lastKnownFileType = sourcecode.c.objc; path = AppDelegate.m; sourceTree = "<group>"; };
		1D6058910D05DD3D006BFB54 /* TodayWeather.app */ = {isa = PBXFileReference; explicitFileType = wrapper.application; includeInIndex = 0; path = TodayWeather.app; sourceTree = BUILT_PRODUCTS_DIR; };
		1F0A814FC3E246B68CF207C0 /* UNIHTTPJsonResponse.h */ = {isa = PBXFileReference; fileEncoding = 4; lastKnownFileType = sourcecode.c.h; name = UNIHTTPJsonResponse.h; path = "ionic-plugin-deploy/UNIHTTPJsonResponse.h"; sourceTree = "<group>"; };
		1F59765856A64E18A8EAA2FC /* CDVLocation.m */ = {isa = PBXFileReference; fileEncoding = 4; lastKnownFileType = sourcecode.c.objc; name = CDVLocation.m; path = "cordova-plugin-geolocation/CDVLocation.m"; sourceTree = "<group>"; };
		23A599D244DA4643BD264BA3 /* ARCHelper.h */ = {isa = PBXFileReference; fileEncoding = 4; lastKnownFileType = sourcecode.c.h; name = ARCHelper.h; path = "ionic-plugin-deploy/ARCHelper.h"; sourceTree = "<group>"; };
		24C5D6A834F6485A96E827E0 /* zip.h */ = {isa = PBXFileReference; fileEncoding = 4; lastKnownFileType = sourcecode.c.h; name = zip.h; path = "ionic-plugin-deploy/zip.h"; sourceTree = "<group>"; };
		2776D60F50804705840CA2CA /* MMWormholeFileTransiting.h */ = {isa = PBXFileReference; fileEncoding = 4; lastKnownFileType = sourcecode.c.h; name = MMWormholeFileTransiting.h; path = "cordova-plugin-apple-watch/MMWormholeFileTransiting.h"; sourceTree = "<group>"; };
		2862B7F6DF4C409BB90238BE /* IonicConstant.m */ = {isa = PBXFileReference; fileEncoding = 4; lastKnownFileType = sourcecode.c.objc; name = IonicConstant.m; path = "ionic-plugin-deploy/IonicConstant.m"; sourceTree = "<group>"; };
		288765FC0DF74451002DB57D /* CoreGraphics.framework */ = {isa = PBXFileReference; lastKnownFileType = wrapper.framework; name = CoreGraphics.framework; path = System/Library/Frameworks/CoreGraphics.framework; sourceTree = SDKROOT; };
		29B97316FDCFA39411CA2CEA /* main.m */ = {isa = PBXFileReference; fileEncoding = 4; lastKnownFileType = sourcecode.c.objc; path = main.m; sourceTree = "<group>"; };
		2C25FCF6EA474B1E8D8A569C /* UNIHTTPStringResponse.h */ = {isa = PBXFileReference; fileEncoding = 4; lastKnownFileType = sourcecode.c.h; name = UNIHTTPStringResponse.h; path = "ionic-plugin-deploy/UNIHTTPStringResponse.h"; sourceTree = "<group>"; };
		2E229EC79B21434CB5AD5240 /* MMWormhole.h */ = {isa = PBXFileReference; fileEncoding = 4; lastKnownFileType = sourcecode.c.h; name = MMWormhole.h; path = "cordova-plugin-apple-watch/MMWormhole.h"; sourceTree = "<group>"; };
		2EEE00251BEC9DFF005337F0 /* TodayWeather WatchKit 1 Extension.appex */ = {isa = PBXFileReference; explicitFileType = "wrapper.app-extension"; includeInIndex = 0; path = "TodayWeather WatchKit 1 Extension.appex"; sourceTree = BUILT_PRODUCTS_DIR; };
		2EEE00271BEC9DFF005337F0 /* InterfaceController.h */ = {isa = PBXFileReference; lastKnownFileType = sourcecode.c.h; path = InterfaceController.h; sourceTree = "<group>"; };
		2EEE00281BEC9DFF005337F0 /* InterfaceController.m */ = {isa = PBXFileReference; lastKnownFileType = sourcecode.c.objc; path = InterfaceController.m; sourceTree = "<group>"; };
		2EEE002A1BEC9DFF005337F0 /* Assets.xcassets */ = {isa = PBXFileReference; lastKnownFileType = folder.assetcatalog; path = Assets.xcassets; sourceTree = "<group>"; };
		2EEE002C1BEC9DFF005337F0 /* Info.plist */ = {isa = PBXFileReference; lastKnownFileType = text.plist.xml; path = Info.plist; sourceTree = "<group>"; };
		2EEE002F1BEC9DFF005337F0 /* TodayWeather WatchKit 1 App.app */ = {isa = PBXFileReference; explicitFileType = wrapper.application; includeInIndex = 0; path = "TodayWeather WatchKit 1 App.app"; sourceTree = BUILT_PRODUCTS_DIR; };
		2EEE00351BEC9DFF005337F0 /* Base */ = {isa = PBXFileReference; lastKnownFileType = file.storyboard; name = Base; path = Base.lproj/Interface.storyboard; sourceTree = "<group>"; };
		2EEE00371BEC9DFF005337F0 /* Assets.xcassets */ = {isa = PBXFileReference; lastKnownFileType = folder.assetcatalog; path = Assets.xcassets; sourceTree = "<group>"; };
		2EEE00391BEC9DFF005337F0 /* Info.plist */ = {isa = PBXFileReference; lastKnownFileType = text.plist.xml; path = Info.plist; sourceTree = "<group>"; };
		2EEE004C1BEC9F0D005337F0 /* TodayWeather WatchKit 1 App.entitlements */ = {isa = PBXFileReference; lastKnownFileType = text.xml; path = "TodayWeather WatchKit 1 App.entitlements"; sourceTree = "<group>"; };
		2EEE004D1BEC9F19005337F0 /* TodayWeather WatchKit 1 Extension.entitlements */ = {isa = PBXFileReference; lastKnownFileType = text.xml; path = "TodayWeather WatchKit 1 Extension.entitlements"; sourceTree = "<group>"; };
		2EEE004E1BEC9F22005337F0 /* TodayWeather.entitlements */ = {isa = PBXFileReference; lastKnownFileType = text.xml; name = TodayWeather.entitlements; path = TodayWeather/TodayWeather.entitlements; sourceTree = "<group>"; };
		2EEE00591BEDEC68005337F0 /* Cloud.png */ = {isa = PBXFileReference; lastKnownFileType = image.png; path = Cloud.png; sourceTree = "<group>"; };
		2EEE005A1BEDEC68005337F0 /* Lightning.png */ = {isa = PBXFileReference; lastKnownFileType = image.png; path = Lightning.png; sourceTree = "<group>"; };
		2EEE005B1BEDEC68005337F0 /* Moon.png */ = {isa = PBXFileReference; lastKnownFileType = image.png; path = Moon.png; sourceTree = "<group>"; };
		2EEE005C1BEDEC68005337F0 /* MoonWithCloud.png */ = {isa = PBXFileReference; lastKnownFileType = image.png; path = MoonWithCloud.png; sourceTree = "<group>"; };
		2EEE005D1BEDEC68005337F0 /* Rain.png */ = {isa = PBXFileReference; lastKnownFileType = image.png; path = Rain.png; sourceTree = "<group>"; };
		2EEE005E1BEDEC68005337F0 /* RainWithLightning.png */ = {isa = PBXFileReference; lastKnownFileType = image.png; path = RainWithLightning.png; sourceTree = "<group>"; };
		2EEE005F1BEDEC68005337F0 /* RainWithSnow.png */ = {isa = PBXFileReference; lastKnownFileType = image.png; path = RainWithSnow.png; sourceTree = "<group>"; };
		2EEE00601BEDEC68005337F0 /* Snow.png */ = {isa = PBXFileReference; lastKnownFileType = image.png; path = Snow.png; sourceTree = "<group>"; };
		2EEE00611BEDEC68005337F0 /* Sun.png */ = {isa = PBXFileReference; lastKnownFileType = image.png; path = Sun.png; sourceTree = "<group>"; };
		2EEE00621BEDEC68005337F0 /* SunRising.png */ = {isa = PBXFileReference; lastKnownFileType = image.png; path = SunRising.png; sourceTree = "<group>"; };
		2EEE00631BEDEC68005337F0 /* SunSet.png */ = {isa = PBXFileReference; lastKnownFileType = image.png; path = SunSet.png; sourceTree = "<group>"; };
		2EEE00641BEDEC68005337F0 /* SunWithCloud.png */ = {isa = PBXFileReference; lastKnownFileType = image.png; path = SunWithCloud.png; sourceTree = "<group>"; };
		2EEE00651BEDEC68005337F0 /* WindWithCloud.png */ = {isa = PBXFileReference; lastKnownFileType = image.png; path = WindWithCloud.png; sourceTree = "<group>"; };
		2EEE00CE1BEF9EA1005337F0 /* reddot.png */ = {isa = PBXFileReference; lastKnownFileType = image.png; path = reddot.png; sourceTree = "<group>"; };
		301BF52D109A57CC0062928A /* CordovaLib.xcodeproj */ = {isa = PBXFileReference; lastKnownFileType = "wrapper.pb-project"; name = CordovaLib.xcodeproj; path = CordovaLib/CordovaLib.xcodeproj; sourceTree = "<group>"; };
		301BF56E109A69640062928A /* www */ = {isa = PBXFileReference; lastKnownFileType = folder; path = www; sourceTree = SOURCE_ROOT; };
		302D95EE14D2391D003F00A1 /* MainViewController.h */ = {isa = PBXFileReference; fileEncoding = 4; lastKnownFileType = sourcecode.c.h; path = MainViewController.h; sourceTree = "<group>"; };
		302D95EF14D2391D003F00A1 /* MainViewController.m */ = {isa = PBXFileReference; fileEncoding = 4; lastKnownFileType = sourcecode.c.objc; path = MainViewController.m; sourceTree = "<group>"; };
		302D95F014D2391D003F00A1 /* MainViewController.xib */ = {isa = PBXFileReference; fileEncoding = 4; lastKnownFileType = file.xib; path = MainViewController.xib; sourceTree = "<group>"; };
		305D5FD0115AB8F900A74A75 /* MobileCoreServices.framework */ = {isa = PBXFileReference; lastKnownFileType = wrapper.framework; name = MobileCoreServices.framework; path = System/Library/Frameworks/MobileCoreServices.framework; sourceTree = SDKROOT; };
		3088BBB7154F3926009F9C59 /* Default-Landscape@2x~ipad.png */ = {isa = PBXFileReference; lastKnownFileType = image.png; path = "Default-Landscape@2x~ipad.png"; sourceTree = "<group>"; };
		3088BBB8154F3926009F9C59 /* Default-Landscape~ipad.png */ = {isa = PBXFileReference; lastKnownFileType = image.png; path = "Default-Landscape~ipad.png"; sourceTree = "<group>"; };
		3088BBB9154F3926009F9C59 /* Default-Portrait@2x~ipad.png */ = {isa = PBXFileReference; lastKnownFileType = image.png; path = "Default-Portrait@2x~ipad.png"; sourceTree = "<group>"; };
		3088BBBA154F3926009F9C59 /* Default-Portrait~ipad.png */ = {isa = PBXFileReference; lastKnownFileType = image.png; path = "Default-Portrait~ipad.png"; sourceTree = "<group>"; };
		3088BBBB154F3926009F9C59 /* Default@2x~iphone.png */ = {isa = PBXFileReference; lastKnownFileType = image.png; path = "Default@2x~iphone.png"; sourceTree = "<group>"; };
		3088BBBC154F3926009F9C59 /* Default~iphone.png */ = {isa = PBXFileReference; lastKnownFileType = image.png; path = "Default~iphone.png"; sourceTree = "<group>"; };
		308D052E1370CCF300D202BF /* icon-72.png */ = {isa = PBXFileReference; lastKnownFileType = image.png; path = "icon-72.png"; sourceTree = "<group>"; };
		308D052F1370CCF300D202BF /* icon.png */ = {isa = PBXFileReference; lastKnownFileType = image.png; path = icon.png; sourceTree = "<group>"; };
		308D05301370CCF300D202BF /* icon@2x.png */ = {isa = PBXFileReference; lastKnownFileType = image.png; path = "icon@2x.png"; sourceTree = "<group>"; };
		30B4F2FD19D5E07200D9F7D8 /* Default-667h.png */ = {isa = PBXFileReference; lastKnownFileType = image.png; path = "Default-667h.png"; sourceTree = "<group>"; };
		30B4F2FE19D5E07200D9F7D8 /* Default-736h.png */ = {isa = PBXFileReference; lastKnownFileType = image.png; path = "Default-736h.png"; sourceTree = "<group>"; };
		30B4F2FF19D5E07200D9F7D8 /* Default-Landscape-736h.png */ = {isa = PBXFileReference; lastKnownFileType = image.png; path = "Default-Landscape-736h.png"; sourceTree = "<group>"; };
		30C1856519D5FC0A00212699 /* icon-60@3x.png */ = {isa = PBXFileReference; lastKnownFileType = image.png; path = "icon-60@3x.png"; sourceTree = "<group>"; };
		30FC414816E50CA1004E6F35 /* icon-72@2x.png */ = {isa = PBXFileReference; lastKnownFileType = image.png; path = "icon-72@2x.png"; sourceTree = "<group>"; };
		32CA4F630368D1EE00C91783 /* TodayWeather-Prefix.pch */ = {isa = PBXFileReference; fileEncoding = 4; lastKnownFileType = sourcecode.c.h; path = "TodayWeather-Prefix.pch"; sourceTree = "<group>"; };
		33487122935F4CD48755F61D /* gzlib.c */ = {isa = PBXFileReference; fileEncoding = 4; lastKnownFileType = unknown; name = gzlib.c; path = "ionic-plugin-deploy/gzlib.c"; sourceTree = "<group>"; };
		339EA456E8F04A0C9CC62EC6 /* zconf.h */ = {isa = PBXFileReference; fileEncoding = 4; lastKnownFileType = sourcecode.c.h; name = zconf.h; path = "ionic-plugin-deploy/zconf.h"; sourceTree = "<group>"; };
		354F5462433F40B1A6B107ED /* UNISimpleRequest.h */ = {isa = PBXFileReference; fileEncoding = 4; lastKnownFileType = sourcecode.c.h; name = UNISimpleRequest.h; path = "ionic-plugin-deploy/UNISimpleRequest.h"; sourceTree = "<group>"; };
		380334EE21B84D318240EF48 /* UNIHTTPStringResponse.m */ = {isa = PBXFileReference; fileEncoding = 4; lastKnownFileType = sourcecode.c.objc; name = UNIHTTPStringResponse.m; path = "ionic-plugin-deploy/UNIHTTPStringResponse.m"; sourceTree = "<group>"; };
		3B989ACDDE3440D2A7C01163 /* adler32.c */ = {isa = PBXFileReference; fileEncoding = 4; lastKnownFileType = unknown; name = adler32.c; path = "ionic-plugin-deploy/adler32.c"; sourceTree = "<group>"; };
		3FAC4144DC1D4F7B8450DCAD /* inffixed.h */ = {isa = PBXFileReference; fileEncoding = 4; lastKnownFileType = sourcecode.c.h; name = inffixed.h; path = "ionic-plugin-deploy/inffixed.h"; sourceTree = "<group>"; };
		404B94E7285B4F2FBE3A9316 /* zutil.c */ = {isa = PBXFileReference; fileEncoding = 4; lastKnownFileType = unknown; name = zutil.c; path = "ionic-plugin-deploy/zutil.c"; sourceTree = "<group>"; };
		44443DE402A4436E9CB4BD40 /* MMWormholeSession.m */ = {isa = PBXFileReference; fileEncoding = 4; lastKnownFileType = sourcecode.c.objc; name = MMWormholeSession.m; path = "cordova-plugin-apple-watch/MMWormholeSession.m"; sourceTree = "<group>"; };
		445FA19B56384689906DE03D /* inflate.h */ = {isa = PBXFileReference; fileEncoding = 4; lastKnownFileType = sourcecode.c.h; name = inflate.h; path = "ionic-plugin-deploy/inflate.h"; sourceTree = "<group>"; };
		45A45A06285C462A985CDEC1 /* UNIJsonNode.h */ = {isa = PBXFileReference; fileEncoding = 4; lastKnownFileType = sourcecode.c.h; name = UNIJsonNode.h; path = "ionic-plugin-deploy/UNIJsonNode.h"; sourceTree = "<group>"; };
		47ACCF4F019045EB9154FC37 /* DownloadManager.h */ = {isa = PBXFileReference; fileEncoding = 4; lastKnownFileType = sourcecode.c.h; name = DownloadManager.h; path = "ionic-plugin-deploy/DownloadManager.h"; sourceTree = "<group>"; };
		48CFA31C1BBC46DFB936592B /* UNIUrlConnection.m */ = {isa = PBXFileReference; fileEncoding = 4; lastKnownFileType = sourcecode.c.objc; name = UNIUrlConnection.m; path = "ionic-plugin-deploy/UNIUrlConnection.m"; sourceTree = "<group>"; };
		4F4D4E46FCC4412A92A8338D /* Base64.m */ = {isa = PBXFileReference; fileEncoding = 4; lastKnownFileType = sourcecode.c.objc; name = Base64.m; path = "ionic-plugin-deploy/Base64.m"; sourceTree = "<group>"; };
		55404D10D5ED4BA4A9E15CFC /* UNIBaseRequest.m */ = {isa = PBXFileReference; fileEncoding = 4; lastKnownFileType = sourcecode.c.objc; name = UNIBaseRequest.m; path = "ionic-plugin-deploy/UNIBaseRequest.m"; sourceTree = "<group>"; };
		5546572954714C67AB6CF75C /* CoreLocation.framework */ = {isa = PBXFileReference; fileEncoding = 4; lastKnownFileType = wrapper.framework; name = CoreLocation.framework; path = System/Library/Frameworks/CoreLocation.framework; sourceTree = SDKROOT; };
		5786B2A397E045ED84F3DF7F /* Download.m */ = {isa = PBXFileReference; fileEncoding = 4; lastKnownFileType = sourcecode.c.objc; name = Download.m; path = "ionic-plugin-deploy/Download.m"; sourceTree = "<group>"; };
		57C18D0631E74AB49FFD6458 /* SSZipArchive.h */ = {isa = PBXFileReference; fileEncoding = 4; lastKnownFileType = sourcecode.c.h; name = SSZipArchive.h; path = "ionic-plugin-deploy/SSZipArchive.h"; sourceTree = "<group>"; };
		5B1594DC16A7569C00FEF299 /* AssetsLibrary.framework */ = {isa = PBXFileReference; lastKnownFileType = wrapper.framework; name = AssetsLibrary.framework; path = System/Library/Frameworks/AssetsLibrary.framework; sourceTree = SDKROOT; };
		5C20A593D5D8431483465768 /* compress.c */ = {isa = PBXFileReference; fileEncoding = 4; lastKnownFileType = unknown; name = compress.c; path = "ionic-plugin-deploy/compress.c"; sourceTree = "<group>"; };
		5C379BBBA0654B62A5D7B566 /* AppleWatch.h */ = {isa = PBXFileReference; fileEncoding = 4; lastKnownFileType = sourcecode.c.h; name = AppleWatch.h; path = "cordova-plugin-apple-watch/AppleWatch.h"; sourceTree = "<group>"; };
		5F24FACD405C4BDCBCDA91DD /* CDVViewController+SplashScreen.h */ = {isa = PBXFileReference; fileEncoding = 4; lastKnownFileType = sourcecode.c.h; name = "CDVViewController+SplashScreen.h"; path = "cordova-plugin-splashscreen/CDVViewController+SplashScreen.h"; sourceTree = "<group>"; };
		6571270A6ED44D92928574EE /* UNIHTTPRequest.m */ = {isa = PBXFileReference; fileEncoding = 4; lastKnownFileType = sourcecode.c.objc; name = UNIHTTPRequest.m; path = "ionic-plugin-deploy/UNIHTTPRequest.m"; sourceTree = "<group>"; };
		6A61BBD479A44E86A5639AA2 /* UNIHTTPJsonResponse.m */ = {isa = PBXFileReference; fileEncoding = 4; lastKnownFileType = sourcecode.c.objc; name = UNIHTTPJsonResponse.m; path = "ionic-plugin-deploy/UNIHTTPJsonResponse.m"; sourceTree = "<group>"; };
		6A78A5DC282243E8AD98FE65 /* MMWormholeSessionMessageTransiting.m */ = {isa = PBXFileReference; fileEncoding = 4; lastKnownFileType = sourcecode.c.objc; name = MMWormholeSessionMessageTransiting.m; path = "cordova-plugin-apple-watch/MMWormholeSessionMessageTransiting.m"; sourceTree = "<group>"; };
		6A9BAD89B973410E8A03E431 /* SSZipArchive.m */ = {isa = PBXFileReference; fileEncoding = 4; lastKnownFileType = sourcecode.c.objc; name = SSZipArchive.m; path = "ionic-plugin-deploy/SSZipArchive.m"; sourceTree = "<group>"; };
		6AFC4546663C46BEB0841BFB /* MMWormholeCoordinatedFileTransiting.m */ = {isa = PBXFileReference; fileEncoding = 4; lastKnownFileType = sourcecode.c.objc; name = MMWormholeCoordinatedFileTransiting.m; path = "cordova-plugin-apple-watch/MMWormholeCoordinatedFileTransiting.m"; sourceTree = "<group>"; };
		6B77F6003F754FF78C8C9E02 /* uncompr.c */ = {isa = PBXFileReference; fileEncoding = 4; lastKnownFileType = unknown; name = uncompr.c; path = "ionic-plugin-deploy/uncompr.c"; sourceTree = "<group>"; };
		6C1A52C0ACA8452A81AA1554 /* UNIBodyRequest.h */ = {isa = PBXFileReference; fileEncoding = 4; lastKnownFileType = sourcecode.c.h; name = UNIBodyRequest.h; path = "ionic-plugin-deploy/UNIBodyRequest.h"; sourceTree = "<group>"; };
		710E1F5397D040E1880E142E /* UNIHTTPBinaryResponse.h */ = {isa = PBXFileReference; fileEncoding = 4; lastKnownFileType = sourcecode.c.h; name = UNIHTTPBinaryResponse.h; path = "ionic-plugin-deploy/UNIHTTPBinaryResponse.h"; sourceTree = "<group>"; };
		7169B18DF5CC4FBD8A4BD255 /* Download.h */ = {isa = PBXFileReference; fileEncoding = 4; lastKnownFileType = sourcecode.c.h; name = Download.h; path = "ionic-plugin-deploy/Download.h"; sourceTree = "<group>"; };
		744A7DFDE820435EADD21587 /* AppleWatch.m */ = {isa = PBXFileReference; fileEncoding = 4; lastKnownFileType = sourcecode.c.objc; name = AppleWatch.m; path = "cordova-plugin-apple-watch/AppleWatch.m"; sourceTree = "<group>"; };
		7B08DC2A1DE74BDFBE15D096 /* ioapi.c */ = {isa = PBXFileReference; fileEncoding = 4; lastKnownFileType = unknown; name = ioapi.c; path = "ionic-plugin-deploy/ioapi.c"; sourceTree = "<group>"; };
		7E7966D41810823500FA85AD /* icon-40.png */ = {isa = PBXFileReference; lastKnownFileType = image.png; path = "icon-40.png"; sourceTree = "<group>"; };
		7E7966D51810823500FA85AD /* icon-40@2x.png */ = {isa = PBXFileReference; lastKnownFileType = image.png; path = "icon-40@2x.png"; sourceTree = "<group>"; };
		7E7966D61810823500FA85AD /* icon-50.png */ = {isa = PBXFileReference; lastKnownFileType = image.png; path = "icon-50.png"; sourceTree = "<group>"; };
		7E7966D71810823500FA85AD /* icon-50@2x.png */ = {isa = PBXFileReference; lastKnownFileType = image.png; path = "icon-50@2x.png"; sourceTree = "<group>"; };
		7E7966D81810823500FA85AD /* icon-60.png */ = {isa = PBXFileReference; lastKnownFileType = image.png; path = "icon-60.png"; sourceTree = "<group>"; };
		7E7966D91810823500FA85AD /* icon-60@2x.png */ = {isa = PBXFileReference; lastKnownFileType = image.png; path = "icon-60@2x.png"; sourceTree = "<group>"; };
		7E7966DA1810823500FA85AD /* icon-76.png */ = {isa = PBXFileReference; lastKnownFileType = image.png; path = "icon-76.png"; sourceTree = "<group>"; };
		7E7966DB1810823500FA85AD /* icon-76@2x.png */ = {isa = PBXFileReference; lastKnownFileType = image.png; path = "icon-76@2x.png"; sourceTree = "<group>"; };
		7E7966DC1810823500FA85AD /* icon-small.png */ = {isa = PBXFileReference; lastKnownFileType = image.png; path = "icon-small.png"; sourceTree = "<group>"; };
		7E7966DD1810823500FA85AD /* icon-small@2x.png */ = {isa = PBXFileReference; lastKnownFileType = image.png; path = "icon-small@2x.png"; sourceTree = "<group>"; };
		8020E7E8C2DF4858BEC0BFC2 /* trees.c */ = {isa = PBXFileReference; fileEncoding = 4; lastKnownFileType = unknown; name = trees.c; path = "ionic-plugin-deploy/trees.c"; sourceTree = "<group>"; };
		814F59F823BA421691F61F13 /* gzwrite.c */ = {isa = PBXFileReference; fileEncoding = 4; lastKnownFileType = unknown; name = gzwrite.c; path = "ionic-plugin-deploy/gzwrite.c"; sourceTree = "<group>"; };
		81A85FB55E9B4D2695BB02FB /* IonicKeyboard.h */ = {isa = PBXFileReference; fileEncoding = 4; lastKnownFileType = sourcecode.c.h; name = IonicKeyboard.h; path = com.ionic.keyboard/IonicKeyboard.h; sourceTree = "<group>"; };
		83E87976FAB24DECB5CF53A6 /* unzip.c */ = {isa = PBXFileReference; fileEncoding = 4; lastKnownFileType = unknown; name = unzip.c; path = "ionic-plugin-deploy/unzip.c"; sourceTree = "<group>"; };
		87134E6111C546FDA1ED66F9 /* IonicDeploy.h */ = {isa = PBXFileReference; fileEncoding = 4; lastKnownFileType = sourcecode.c.h; name = IonicDeploy.h; path = "ionic-plugin-deploy/IonicDeploy.h"; sourceTree = "<group>"; };
		8B2697E3FD4E4B5FA0F77A43 /* UNIHTTPRequestWithBody.m */ = {isa = PBXFileReference; fileEncoding = 4; lastKnownFileType = sourcecode.c.objc; name = UNIHTTPRequestWithBody.m; path = "ionic-plugin-deploy/UNIHTTPRequestWithBody.m"; sourceTree = "<group>"; };
		8C8E8CFDD92042B68E709081 /* UIWebViewExtension.m */ = {isa = PBXFileReference; fileEncoding = 4; lastKnownFileType = sourcecode.c.objc; name = UIWebViewExtension.m; path = com.ionic.keyboard/UIWebViewExtension.m; sourceTree = "<group>"; };
		8D1107310486CEB800E47090 /* TodayWeather-Info.plist */ = {isa = PBXFileReference; fileEncoding = 4; lastKnownFileType = text.plist.xml; name = "TodayWeather-Info.plist"; path = "../TodayWeather-Info.plist"; plistStructureDefinitionIdentifier = "com.apple.xcode.plist.structure-definition.iphone.info-plist"; sourceTree = "<group>"; };
		9306A264D1D747EBAFD9FDB1 /* UNIHTTPResponse.m */ = {isa = PBXFileReference; fileEncoding = 4; lastKnownFileType = sourcecode.c.objc; name = UNIHTTPResponse.m; path = "ionic-plugin-deploy/UNIHTTPResponse.m"; sourceTree = "<group>"; };
		9574A98422114426A058349F /* DownloadManager.m */ = {isa = PBXFileReference; fileEncoding = 4; lastKnownFileType = sourcecode.c.objc; name = DownloadManager.m; path = "ionic-plugin-deploy/DownloadManager.m"; sourceTree = "<group>"; };
		9715CEF28822468988ADD47B /* UNIHTTPBinaryResponse.m */ = {isa = PBXFileReference; fileEncoding = 4; lastKnownFileType = sourcecode.c.objc; name = UNIHTTPBinaryResponse.m; path = "ionic-plugin-deploy/UNIHTTPBinaryResponse.m"; sourceTree = "<group>"; };
		98DF5C0DC0FC4104BD1F7BFA /* crc32.h */ = {isa = PBXFileReference; fileEncoding = 4; lastKnownFileType = sourcecode.c.h; name = crc32.h; path = "ionic-plugin-deploy/crc32.h"; sourceTree = "<group>"; };
		999482D05AB04BD5A3AFD42B /* CDVDevice.m */ = {isa = PBXFileReference; fileEncoding = 4; lastKnownFileType = sourcecode.c.objc; name = CDVDevice.m; path = "cordova-plugin-device/CDVDevice.m"; sourceTree = "<group>"; };
		9A7710D6604049EDA9F9BDEF /* unzip.h */ = {isa = PBXFileReference; fileEncoding = 4; lastKnownFileType = sourcecode.c.h; name = unzip.h; path = "ionic-plugin-deploy/unzip.h"; sourceTree = "<group>"; };
		9C64529872ED48E090FC1836 /* CDVDevice.h */ = {isa = PBXFileReference; fileEncoding = 4; lastKnownFileType = sourcecode.c.h; name = CDVDevice.h; path = "cordova-plugin-device/CDVDevice.h"; sourceTree = "<group>"; };
		9CDF0D545B954BC788F8B75D /* MMWormholeSessionMessageTransiting.h */ = {isa = PBXFileReference; fileEncoding = 4; lastKnownFileType = sourcecode.c.h; name = MMWormholeSessionMessageTransiting.h; path = "cordova-plugin-apple-watch/MMWormholeSessionMessageTransiting.h"; sourceTree = "<group>"; };
		9D3AED3DB1664F60B15B79F3 /* UNIBaseRequest.h */ = {isa = PBXFileReference; fileEncoding = 4; lastKnownFileType = sourcecode.c.h; name = UNIBaseRequest.h; path = "ionic-plugin-deploy/UNIBaseRequest.h"; sourceTree = "<group>"; };
		9D85217E3336408AA498EBB3 /* CDVStatusBar.m */ = {isa = PBXFileReference; fileEncoding = 4; lastKnownFileType = sourcecode.c.objc; name = CDVStatusBar.m; path = "cordova-plugin-statusbar/CDVStatusBar.m"; sourceTree = "<group>"; };
		9DDC8B0208BA47F99B6DE322 /* UNIRest.m */ = {isa = PBXFileReference; fileEncoding = 4; lastKnownFileType = sourcecode.c.objc; name = UNIRest.m; path = "ionic-plugin-deploy/UNIRest.m"; sourceTree = "<group>"; };
		9F1D20CC201B48869AB869C5 /* MMWormholeSessionContextTransiting.m */ = {isa = PBXFileReference; fileEncoding = 4; lastKnownFileType = sourcecode.c.objc; name = MMWormholeSessionContextTransiting.m; path = "cordova-plugin-apple-watch/MMWormholeSessionContextTransiting.m"; sourceTree = "<group>"; };
		A31C3B358D0E4E2290409038 /* MMWormholeSessionFileTransiting.m */ = {isa = PBXFileReference; fileEncoding = 4; lastKnownFileType = sourcecode.c.objc; name = MMWormholeSessionFileTransiting.m; path = "cordova-plugin-apple-watch/MMWormholeSessionFileTransiting.m"; sourceTree = "<group>"; };
		A453CB0ED4F04A728412A5C9 /* UNIJsonNode.m */ = {isa = PBXFileReference; fileEncoding = 4; lastKnownFileType = sourcecode.c.objc; name = UNIJsonNode.m; path = "ionic-plugin-deploy/UNIJsonNode.m"; sourceTree = "<group>"; };
		A491E53779FE4ECA872FDF63 /* CDVLogger.m */ = {isa = PBXFileReference; fileEncoding = 4; lastKnownFileType = sourcecode.c.objc; name = CDVLogger.m; path = "cordova-plugin-console/CDVLogger.m"; sourceTree = "<group>"; };
		A4ABC3ED9B9C4A349DACAA0C /* IonicConstant.h */ = {isa = PBXFileReference; fileEncoding = 4; lastKnownFileType = sourcecode.c.h; name = IonicConstant.h; path = "ionic-plugin-deploy/IonicConstant.h"; sourceTree = "<group>"; };
		A4F43E9B020F48C492B4CE66 /* Unirest-Prefix.pch */ = {isa = PBXFileReference; fileEncoding = 4; lastKnownFileType = unknown; name = "Unirest-Prefix.pch"; path = "ionic-plugin-deploy/Unirest-Prefix.pch"; sourceTree = "<group>"; };
		A4F81EA40658453D8563D6EB /* inftrees.c */ = {isa = PBXFileReference; fileEncoding = 4; lastKnownFileType = unknown; name = inftrees.c; path = "ionic-plugin-deploy/inftrees.c"; sourceTree = "<group>"; };
		A6AC41325E964D898D133B69 /* CDVStatusBar.h */ = {isa = PBXFileReference; fileEncoding = 4; lastKnownFileType = sourcecode.c.h; name = CDVStatusBar.h; path = "cordova-plugin-statusbar/CDVStatusBar.h"; sourceTree = "<group>"; };
		A72550F32C5346BA841868B3 /* trees.h */ = {isa = PBXFileReference; fileEncoding = 4; lastKnownFileType = sourcecode.c.h; name = trees.h; path = "ionic-plugin-deploy/trees.h"; sourceTree = "<group>"; };
		AB7FFBF9B0EA4F3BBFBBDCF4 /* UNIUrlConnection.h */ = {isa = PBXFileReference; fileEncoding = 4; lastKnownFileType = sourcecode.c.h; name = UNIUrlConnection.h; path = "ionic-plugin-deploy/UNIUrlConnection.h"; sourceTree = "<group>"; };
		ADEBFE55F47A4FE7ADBBE760 /* UIWebViewExtension.h */ = {isa = PBXFileReference; fileEncoding = 4; lastKnownFileType = sourcecode.c.h; name = UIWebViewExtension.h; path = com.ionic.keyboard/UIWebViewExtension.h; sourceTree = "<group>"; };
		AEA2CF95C1FF4E9D87D6F510 /* gzread.c */ = {isa = PBXFileReference; fileEncoding = 4; lastKnownFileType = unknown; name = gzread.c; path = "ionic-plugin-deploy/gzread.c"; sourceTree = "<group>"; };
		B1FDD189C2E14808AC870828 /* CDVSplashScreen.h */ = {isa = PBXFileReference; fileEncoding = 4; lastKnownFileType = sourcecode.c.h; name = CDVSplashScreen.h; path = "cordova-plugin-splashscreen/CDVSplashScreen.h"; sourceTree = "<group>"; };
		B636387E557747AEA7D1BF6E /* inffast.c */ = {isa = PBXFileReference; fileEncoding = 4; lastKnownFileType = unknown; name = inffast.c; path = "ionic-plugin-deploy/inffast.c"; sourceTree = "<group>"; };
		B68877429730452C902643DA /* UNIHTTPClientHelper.h */ = {isa = PBXFileReference; fileEncoding = 4; lastKnownFileType = sourcecode.c.h; name = UNIHTTPClientHelper.h; path = "ionic-plugin-deploy/UNIHTTPClientHelper.h"; sourceTree = "<group>"; };
		B68E47644E5F462B9A8AE5D7 /* deflate.c */ = {isa = PBXFileReference; fileEncoding = 4; lastKnownFileType = unknown; name = deflate.c; path = "ionic-plugin-deploy/deflate.c"; sourceTree = "<group>"; };
		B849981C7B55486C96EFA8D9 /* MMWormholeSessionContextTransiting.h */ = {isa = PBXFileReference; fileEncoding = 4; lastKnownFileType = sourcecode.c.h; name = MMWormholeSessionContextTransiting.h; path = "cordova-plugin-apple-watch/MMWormholeSessionContextTransiting.h"; sourceTree = "<group>"; };
		BC4DEB2F8FE041789ECD9E92 /* crypt.h */ = {isa = PBXFileReference; fileEncoding = 4; lastKnownFileType = sourcecode.c.h; name = crypt.h; path = "ionic-plugin-deploy/crypt.h"; sourceTree = "<group>"; };
		BE15BE5ECF4E4F099679F6AB /* CDVViewController+SplashScreen.m */ = {isa = PBXFileReference; fileEncoding = 4; lastKnownFileType = sourcecode.c.objc; name = "CDVViewController+SplashScreen.m"; path = "cordova-plugin-splashscreen/CDVViewController+SplashScreen.m"; sourceTree = "<group>"; };
		BE5A616A47B04EDAB7B8CD12 /* CDVLocation.h */ = {isa = PBXFileReference; fileEncoding = 4; lastKnownFileType = sourcecode.c.h; name = CDVLocation.h; path = "cordova-plugin-geolocation/CDVLocation.h"; sourceTree = "<group>"; };
		C0EE9E7E896C41158B8BFABF /* MMWormhole.m */ = {isa = PBXFileReference; fileEncoding = 4; lastKnownFileType = sourcecode.c.objc; name = MMWormhole.m; path = "cordova-plugin-apple-watch/MMWormhole.m"; sourceTree = "<group>"; };
		C1E3D2B02D3F43BB82732879 /* deflate.h */ = {isa = PBXFileReference; fileEncoding = 4; lastKnownFileType = sourcecode.c.h; name = deflate.h; path = "ionic-plugin-deploy/deflate.h"; sourceTree = "<group>"; };
		C3A4E54829D24A5CA91A7BC2 /* gzguts.h */ = {isa = PBXFileReference; fileEncoding = 4; lastKnownFileType = sourcecode.c.h; name = gzguts.h; path = "ionic-plugin-deploy/gzguts.h"; sourceTree = "<group>"; };
		C70648822F684AAAB3E7E7E7 /* zutil.h */ = {isa = PBXFileReference; fileEncoding = 4; lastKnownFileType = sourcecode.c.h; name = zutil.h; path = "ionic-plugin-deploy/zutil.h"; sourceTree = "<group>"; };
		C906A0022193460E9ABCB053 /* MMWormholeSessionFileTransiting.h */ = {isa = PBXFileReference; fileEncoding = 4; lastKnownFileType = sourcecode.c.h; name = MMWormholeSessionFileTransiting.h; path = "cordova-plugin-apple-watch/MMWormholeSessionFileTransiting.h"; sourceTree = "<group>"; };
		D07C2F73ABCF4B05B4022AAC /* Base64.h */ = {isa = PBXFileReference; fileEncoding = 4; lastKnownFileType = sourcecode.c.h; name = Base64.h; path = "ionic-plugin-deploy/Base64.h"; sourceTree = "<group>"; };
		D1FFEB132190438DA562D898 /* inffast.h */ = {isa = PBXFileReference; fileEncoding = 4; lastKnownFileType = sourcecode.c.h; name = inffast.h; path = "ionic-plugin-deploy/inffast.h"; sourceTree = "<group>"; };
		D4A0D8751607E02300AEF8BB /* Default-568h@2x~iphone.png */ = {isa = PBXFileReference; lastKnownFileType = image.png; path = "Default-568h@2x~iphone.png"; sourceTree = "<group>"; };
		D89F52CE0D2D4349A78AD1A3 /* inftrees.h */ = {isa = PBXFileReference; fileEncoding = 4; lastKnownFileType = sourcecode.c.h; name = inftrees.h; path = "ionic-plugin-deploy/inftrees.h"; sourceTree = "<group>"; };
		DBA5B4F29E264B6FABB5C961 /* WatchConnectivity.framework */ = {isa = PBXFileReference; fileEncoding = 4; lastKnownFileType = wrapper.framework; name = WatchConnectivity.framework; path = System/Library/Frameworks/WatchConnectivity.framework; sourceTree = SDKROOT; };
		DBC1766716C843C3AEB46680 /* MMWormholeFileTransiting.m */ = {isa = PBXFileReference; fileEncoding = 4; lastKnownFileType = sourcecode.c.objc; name = MMWormholeFileTransiting.m; path = "cordova-plugin-apple-watch/MMWormholeFileTransiting.m"; sourceTree = "<group>"; };
		DC68C35603D143529086CFC9 /* UNIHTTPRequest.h */ = {isa = PBXFileReference; fileEncoding = 4; lastKnownFileType = sourcecode.c.h; name = UNIHTTPRequest.h; path = "ionic-plugin-deploy/UNIHTTPRequest.h"; sourceTree = "<group>"; };
		DEACF4C3AF504FF38C16F203 /* gzclose.c */ = {isa = PBXFileReference; fileEncoding = 4; lastKnownFileType = unknown; name = gzclose.c; path = "ionic-plugin-deploy/gzclose.c"; sourceTree = "<group>"; };
		E02F1498C5E04212BE4DDEC8 /* UNIHTTPRequestWithBody.h */ = {isa = PBXFileReference; fileEncoding = 4; lastKnownFileType = sourcecode.c.h; name = UNIHTTPRequestWithBody.h; path = "ionic-plugin-deploy/UNIHTTPRequestWithBody.h"; sourceTree = "<group>"; };
		E81268167C924BF68FB560DA /* MMWormholeSession.h */ = {isa = PBXFileReference; fileEncoding = 4; lastKnownFileType = sourcecode.c.h; name = MMWormholeSession.h; path = "cordova-plugin-apple-watch/MMWormholeSession.h"; sourceTree = "<group>"; };
		EB87FDF21871DA7A0020F90C /* merges */ = {isa = PBXFileReference; lastKnownFileType = folder; name = merges; path = ../../merges; sourceTree = "<group>"; };
		EB87FDF31871DA8E0020F90C /* www */ = {isa = PBXFileReference; lastKnownFileType = folder; name = www; path = ../../www; sourceTree = "<group>"; };
		EB87FDF41871DAF40020F90C /* config.xml */ = {isa = PBXFileReference; lastKnownFileType = text.xml; name = config.xml; path = ../../config.xml; sourceTree = "<group>"; };
		EDF1966C9E754C9FB601B11B /* UNIRest.h */ = {isa = PBXFileReference; fileEncoding = 4; lastKnownFileType = sourcecode.c.h; name = UNIRest.h; path = "ionic-plugin-deploy/UNIRest.h"; sourceTree = "<group>"; };
		EE23FC788768448E86050BD4 /* CDVSplashScreen.m */ = {isa = PBXFileReference; fileEncoding = 4; lastKnownFileType = sourcecode.c.objc; name = CDVSplashScreen.m; path = "cordova-plugin-splashscreen/CDVSplashScreen.m"; sourceTree = "<group>"; };
		F0CF0C1282044352A7375936 /* Foundation.framework */ = {isa = PBXFileReference; fileEncoding = 4; lastKnownFileType = wrapper.framework; name = Foundation.framework; path = System/Library/Frameworks/Foundation.framework; sourceTree = SDKROOT; };
		F2F6239B865C481F8F1EFDC2 /* infback.c */ = {isa = PBXFileReference; fileEncoding = 4; lastKnownFileType = unknown; name = infback.c; path = "ionic-plugin-deploy/infback.c"; sourceTree = "<group>"; };
		F32CCE8BF9434552B6535FE2 /* UNIHTTPClientHelper.m */ = {isa = PBXFileReference; fileEncoding = 4; lastKnownFileType = sourcecode.c.objc; name = UNIHTTPClientHelper.m; path = "ionic-plugin-deploy/UNIHTTPClientHelper.m"; sourceTree = "<group>"; };
		F5F2170D144945C9ACF74DA1 /* UNIHTTPResponse.h */ = {isa = PBXFileReference; fileEncoding = 4; lastKnownFileType = sourcecode.c.h; name = UNIHTTPResponse.h; path = "ionic-plugin-deploy/UNIHTTPResponse.h"; sourceTree = "<group>"; };
		F61EE5A3F85E4B2081BBB79E /* MMWormholeTransiting.h */ = {isa = PBXFileReference; fileEncoding = 4; lastKnownFileType = sourcecode.c.h; name = MMWormholeTransiting.h; path = "cordova-plugin-apple-watch/MMWormholeTransiting.h"; sourceTree = "<group>"; };
		F7B936F5D27648DA8D229469 /* UNISimpleRequest.m */ = {isa = PBXFileReference; fileEncoding = 4; lastKnownFileType = sourcecode.c.objc; name = UNISimpleRequest.m; path = "ionic-plugin-deploy/UNISimpleRequest.m"; sourceTree = "<group>"; };
		F840E1F0165FE0F500CFE078 /* config.xml */ = {isa = PBXFileReference; lastKnownFileType = text.xml; name = config.xml; path = TodayWeather/config.xml; sourceTree = "<group>"; };
		FC5D1FD62DCB47C999FF2E5E /* IonicKeyboard.m */ = {isa = PBXFileReference; fileEncoding = 4; lastKnownFileType = sourcecode.c.objc; name = IonicKeyboard.m; path = com.ionic.keyboard/IonicKeyboard.m; sourceTree = "<group>"; };
		FFF57D488B2F4A29B097C2CF /* zip.c */ = {isa = PBXFileReference; fileEncoding = 4; lastKnownFileType = unknown; name = zip.c; path = "ionic-plugin-deploy/zip.c"; sourceTree = "<group>"; };
/* End PBXFileReference section */

/* Begin PBXFrameworksBuildPhase section */
		1D60588F0D05DD3D006BFB54 /* Frameworks */ = {
			isa = PBXFrameworksBuildPhase;
			buildActionMask = 2147483647;
			files = (
				5B1594DD16A7569C00FEF299 /* AssetsLibrary.framework in Frameworks */,
				301BF552109A68D80062928A /* libCordova.a in Frameworks */,
				288765FD0DF74451002DB57D /* CoreGraphics.framework in Frameworks */,
				305D5FD1115AB8F900A74A75 /* MobileCoreServices.framework in Frameworks */,
				2676FF3794324C65A33F73B0 /* CoreLocation.framework in Frameworks */,
				32649E3FC8EB422F97F90097 /* Foundation.framework in Frameworks */,
				A971C72FFE1E4491AE05D84B /* WatchConnectivity.framework in Frameworks */,
			);
			runOnlyForDeploymentPostprocessing = 0;
		};
		2EEE00221BEC9DFF005337F0 /* Frameworks */ = {
			isa = PBXFrameworksBuildPhase;
			buildActionMask = 2147483647;
			files = (
			);
			runOnlyForDeploymentPostprocessing = 0;
		};
/* End PBXFrameworksBuildPhase section */

/* Begin PBXGroup section */
		080E96DDFE201D6D7F000001 /* Classes */ = {
			isa = PBXGroup;
			children = (
				302D95EE14D2391D003F00A1 /* MainViewController.h */,
				302D95EF14D2391D003F00A1 /* MainViewController.m */,
				302D95F014D2391D003F00A1 /* MainViewController.xib */,
				1D3623240D0F684500981E51 /* AppDelegate.h */,
				1D3623250D0F684500981E51 /* AppDelegate.m */,
			);
			name = Classes;
			path = TodayWeather/Classes;
			sourceTree = SOURCE_ROOT;
		};
		19C28FACFE9D520D11CA2CBB /* Products */ = {
			isa = PBXGroup;
			children = (
				1D6058910D05DD3D006BFB54 /* TodayWeather.app */,
				2EEE00251BEC9DFF005337F0 /* TodayWeather WatchKit 1 Extension.appex */,
				2EEE002F1BEC9DFF005337F0 /* TodayWeather WatchKit 1 App.app */,
			);
			name = Products;
			sourceTree = "<group>";
		};
		29B97314FDCFA39411CA2CEA /* CustomTemplate */ = {
			isa = PBXGroup;
			children = (
				2EEE004E1BEC9F22005337F0 /* TodayWeather.entitlements */,
				EB87FDF41871DAF40020F90C /* config.xml */,
				EB87FDF31871DA8E0020F90C /* www */,
				EB87FDF21871DA7A0020F90C /* merges */,
				EB87FDF11871DA420020F90C /* Staging */,
				301BF52D109A57CC0062928A /* CordovaLib.xcodeproj */,
				080E96DDFE201D6D7F000001 /* Classes */,
				307C750510C5A3420062BCA9 /* Plugins */,
				29B97315FDCFA39411CA2CEA /* Other Sources */,
				29B97317FDCFA39411CA2CEA /* Resources */,
				2EEE00261BEC9DFF005337F0 /* TodayWeather WatchKit 1 Extension */,
				2EEE00331BEC9DFF005337F0 /* TodayWeather WatchKit 1 App */,
				29B97323FDCFA39411CA2CEA /* Frameworks */,
				19C28FACFE9D520D11CA2CBB /* Products */,
			);
			name = CustomTemplate;
			sourceTree = "<group>";
		};
		29B97315FDCFA39411CA2CEA /* Other Sources */ = {
			isa = PBXGroup;
			children = (
				32CA4F630368D1EE00C91783 /* TodayWeather-Prefix.pch */,
				29B97316FDCFA39411CA2CEA /* main.m */,
			);
			name = "Other Sources";
			path = TodayWeather;
			sourceTree = "<group>";
		};
		29B97317FDCFA39411CA2CEA /* Resources */ = {
			isa = PBXGroup;
			children = (
				308D052D1370CCF300D202BF /* icons */,
				308D05311370CCF300D202BF /* splash */,
				8D1107310486CEB800E47090 /* TodayWeather-Info.plist */,
			);
			name = Resources;
			path = TodayWeather/Resources;
			sourceTree = "<group>";
		};
		29B97323FDCFA39411CA2CEA /* Frameworks */ = {
			isa = PBXGroup;
			children = (
				5B1594DC16A7569C00FEF299 /* AssetsLibrary.framework */,
				288765FC0DF74451002DB57D /* CoreGraphics.framework */,
				305D5FD0115AB8F900A74A75 /* MobileCoreServices.framework */,
				5546572954714C67AB6CF75C /* CoreLocation.framework */,
				F0CF0C1282044352A7375936 /* Foundation.framework */,
				DBA5B4F29E264B6FABB5C961 /* WatchConnectivity.framework */,
			);
			name = Frameworks;
			sourceTree = "<group>";
		};
		2EEE00261BEC9DFF005337F0 /* TodayWeather WatchKit 1 Extension */ = {
			isa = PBXGroup;
			children = (
				2EEE004D1BEC9F19005337F0 /* TodayWeather WatchKit 1 Extension.entitlements */,
				2EEE00271BEC9DFF005337F0 /* InterfaceController.h */,
				2EEE00281BEC9DFF005337F0 /* InterfaceController.m */,
				2EEE002A1BEC9DFF005337F0 /* Assets.xcassets */,
				2EEE002C1BEC9DFF005337F0 /* Info.plist */,
			);
			path = "TodayWeather WatchKit 1 Extension";
			sourceTree = "<group>";
		};
		2EEE00331BEC9DFF005337F0 /* TodayWeather WatchKit 1 App */ = {
			isa = PBXGroup;
			children = (
				2EEE00731BEDEC76005337F0 /* Images */,
				2EEE004C1BEC9F0D005337F0 /* TodayWeather WatchKit 1 App.entitlements */,
				2EEE00341BEC9DFF005337F0 /* Interface.storyboard */,
				2EEE00371BEC9DFF005337F0 /* Assets.xcassets */,
				2EEE00391BEC9DFF005337F0 /* Info.plist */,
			);
			path = "TodayWeather WatchKit 1 App";
			sourceTree = "<group>";
		};
		2EEE00731BEDEC76005337F0 /* Images */ = {
			isa = PBXGroup;
			children = (
				2EEE00CE1BEF9EA1005337F0 /* reddot.png */,
				2EEE00591BEDEC68005337F0 /* Cloud.png */,
				2EEE005A1BEDEC68005337F0 /* Lightning.png */,
				2EEE005B1BEDEC68005337F0 /* Moon.png */,
				2EEE005C1BEDEC68005337F0 /* MoonWithCloud.png */,
				2EEE005D1BEDEC68005337F0 /* Rain.png */,
				2EEE005E1BEDEC68005337F0 /* RainWithLightning.png */,
				2EEE005F1BEDEC68005337F0 /* RainWithSnow.png */,
				2EEE00601BEDEC68005337F0 /* Snow.png */,
				2EEE00611BEDEC68005337F0 /* Sun.png */,
				2EEE00621BEDEC68005337F0 /* SunRising.png */,
				2EEE00631BEDEC68005337F0 /* SunSet.png */,
				2EEE00641BEDEC68005337F0 /* SunWithCloud.png */,
				2EEE00651BEDEC68005337F0 /* WindWithCloud.png */,
			);
			name = Images;
			sourceTree = "<group>";
		};
		301BF52E109A57CC0062928A /* Products */ = {
			isa = PBXGroup;
			children = (
				301BF535109A57CC0062928A /* libCordova.a */,
			);
			name = Products;
			sourceTree = "<group>";
		};
		307C750510C5A3420062BCA9 /* Plugins */ = {
			isa = PBXGroup;
			children = (
				999482D05AB04BD5A3AFD42B /* CDVDevice.m */,
				9C64529872ED48E090FC1836 /* CDVDevice.h */,
				A491E53779FE4ECA872FDF63 /* CDVLogger.m */,
				18C521A1585E4455A793A439 /* CDVLogger.h */,
				EE23FC788768448E86050BD4 /* CDVSplashScreen.m */,
				BE15BE5ECF4E4F099679F6AB /* CDVViewController+SplashScreen.m */,
				B1FDD189C2E14808AC870828 /* CDVSplashScreen.h */,
				5F24FACD405C4BDCBCDA91DD /* CDVViewController+SplashScreen.h */,
				FC5D1FD62DCB47C999FF2E5E /* IonicKeyboard.m */,
				8C8E8CFDD92042B68E709081 /* UIWebViewExtension.m */,
				81A85FB55E9B4D2695BB02FB /* IonicKeyboard.h */,
				ADEBFE55F47A4FE7ADBBE760 /* UIWebViewExtension.h */,
				1F59765856A64E18A8EAA2FC /* CDVLocation.m */,
				BE5A616A47B04EDAB7B8CD12 /* CDVLocation.h */,
				9D85217E3336408AA498EBB3 /* CDVStatusBar.m */,
				A6AC41325E964D898D133B69 /* CDVStatusBar.h */,
				2862B7F6DF4C409BB90238BE /* IonicConstant.m */,
				095EF66E26D744E4AC397663 /* IonicDeploy.m */,
				5786B2A397E045ED84F3DF7F /* Download.m */,
				9574A98422114426A058349F /* DownloadManager.m */,
				6A9BAD89B973410E8A03E431 /* SSZipArchive.m */,
				7B08DC2A1DE74BDFBE15D096 /* ioapi.c */,
				83E87976FAB24DECB5CF53A6 /* unzip.c */,
				FFF57D488B2F4A29B097C2CF /* zip.c */,
				3B989ACDDE3440D2A7C01163 /* adler32.c */,
				5C20A593D5D8431483465768 /* compress.c */,
				12A736DB08B04A7B8D2BC3A1 /* crc32.c */,
				B68E47644E5F462B9A8AE5D7 /* deflate.c */,
				DEACF4C3AF504FF38C16F203 /* gzclose.c */,
				33487122935F4CD48755F61D /* gzlib.c */,
				AEA2CF95C1FF4E9D87D6F510 /* gzread.c */,
				814F59F823BA421691F61F13 /* gzwrite.c */,
				F2F6239B865C481F8F1EFDC2 /* infback.c */,
				B636387E557747AEA7D1BF6E /* inffast.c */,
				0BA4044E693D4041BA34DE51 /* inflate.c */,
				A4F81EA40658453D8563D6EB /* inftrees.c */,
				8020E7E8C2DF4858BEC0BFC2 /* trees.c */,
				6B77F6003F754FF78C8C9E02 /* uncompr.c */,
				404B94E7285B4F2FBE3A9316 /* zutil.c */,
				4F4D4E46FCC4412A92A8338D /* Base64.m */,
				F32CCE8BF9434552B6535FE2 /* UNIHTTPClientHelper.m */,
				6571270A6ED44D92928574EE /* UNIHTTPRequest.m */,
				8B2697E3FD4E4B5FA0F77A43 /* UNIHTTPRequestWithBody.m */,
				9DDC8B0208BA47F99B6DE322 /* UNIRest.m */,
				48CFA31C1BBC46DFB936592B /* UNIUrlConnection.m */,
				55404D10D5ED4BA4A9E15CFC /* UNIBaseRequest.m */,
				0FC9A01F322D40B2B01C2F87 /* UNIBodyRequest.m */,
				F7B936F5D27648DA8D229469 /* UNISimpleRequest.m */,
				9715CEF28822468988ADD47B /* UNIHTTPBinaryResponse.m */,
				6A61BBD479A44E86A5639AA2 /* UNIHTTPJsonResponse.m */,
				9306A264D1D747EBAFD9FDB1 /* UNIHTTPResponse.m */,
				380334EE21B84D318240EF48 /* UNIHTTPStringResponse.m */,
				A453CB0ED4F04A728412A5C9 /* UNIJsonNode.m */,
				A4ABC3ED9B9C4A349DACAA0C /* IonicConstant.h */,
				87134E6111C546FDA1ED66F9 /* IonicDeploy.h */,
				7169B18DF5CC4FBD8A4BD255 /* Download.h */,
				47ACCF4F019045EB9154FC37 /* DownloadManager.h */,
				57C18D0631E74AB49FFD6458 /* SSZipArchive.h */,
				23A599D244DA4643BD264BA3 /* ARCHelper.h */,
				BC4DEB2F8FE041789ECD9E92 /* crypt.h */,
				12BF7001063048E59D6B5EAF /* ioapi.h */,
				9A7710D6604049EDA9F9BDEF /* unzip.h */,
				24C5D6A834F6485A96E827E0 /* zip.h */,
				98DF5C0DC0FC4104BD1F7BFA /* crc32.h */,
				C1E3D2B02D3F43BB82732879 /* deflate.h */,
				C3A4E54829D24A5CA91A7BC2 /* gzguts.h */,
				D1FFEB132190438DA562D898 /* inffast.h */,
				3FAC4144DC1D4F7B8450DCAD /* inffixed.h */,
				445FA19B56384689906DE03D /* inflate.h */,
				D89F52CE0D2D4349A78AD1A3 /* inftrees.h */,
				A72550F32C5346BA841868B3 /* trees.h */,
				339EA456E8F04A0C9CC62EC6 /* zconf.h */,
				06C781E34591455EB6E391A1 /* zlib.h */,
				C70648822F684AAAB3E7E7E7 /* zutil.h */,
				D07C2F73ABCF4B05B4022AAC /* Base64.h */,
				B68877429730452C902643DA /* UNIHTTPClientHelper.h */,
				DC68C35603D143529086CFC9 /* UNIHTTPRequest.h */,
				E02F1498C5E04212BE4DDEC8 /* UNIHTTPRequestWithBody.h */,
				A4F43E9B020F48C492B4CE66 /* Unirest-Prefix.pch */,
				EDF1966C9E754C9FB601B11B /* UNIRest.h */,
				AB7FFBF9B0EA4F3BBFBBDCF4 /* UNIUrlConnection.h */,
				9D3AED3DB1664F60B15B79F3 /* UNIBaseRequest.h */,
				6C1A52C0ACA8452A81AA1554 /* UNIBodyRequest.h */,
				354F5462433F40B1A6B107ED /* UNISimpleRequest.h */,
				710E1F5397D040E1880E142E /* UNIHTTPBinaryResponse.h */,
				1F0A814FC3E246B68CF207C0 /* UNIHTTPJsonResponse.h */,
				F5F2170D144945C9ACF74DA1 /* UNIHTTPResponse.h */,
				2C25FCF6EA474B1E8D8A569C /* UNIHTTPStringResponse.h */,
				45A45A06285C462A985CDEC1 /* UNIJsonNode.h */,
				744A7DFDE820435EADD21587 /* AppleWatch.m */,
				C0EE9E7E896C41158B8BFABF /* MMWormhole.m */,
				6AFC4546663C46BEB0841BFB /* MMWormholeCoordinatedFileTransiting.m */,
				DBC1766716C843C3AEB46680 /* MMWormholeFileTransiting.m */,
				E81268167C924BF68FB560DA /* MMWormholeSession.h */,
				44443DE402A4436E9CB4BD40 /* MMWormholeSession.m */,
				B849981C7B55486C96EFA8D9 /* MMWormholeSessionContextTransiting.h */,
				9F1D20CC201B48869AB869C5 /* MMWormholeSessionContextTransiting.m */,
				C906A0022193460E9ABCB053 /* MMWormholeSessionFileTransiting.h */,
				A31C3B358D0E4E2290409038 /* MMWormholeSessionFileTransiting.m */,
				9CDF0D545B954BC788F8B75D /* MMWormholeSessionMessageTransiting.h */,
				6A78A5DC282243E8AD98FE65 /* MMWormholeSessionMessageTransiting.m */,
				F61EE5A3F85E4B2081BBB79E /* MMWormholeTransiting.h */,
				5C379BBBA0654B62A5D7B566 /* AppleWatch.h */,
				2E229EC79B21434CB5AD5240 /* MMWormhole.h */,
				002956DCF8FE4192AD38E14B /* MMWormholeCoordinatedFileTransiting.h */,
				2776D60F50804705840CA2CA /* MMWormholeFileTransiting.h */,
			);
			name = Plugins;
			path = TodayWeather/Plugins;
			sourceTree = SOURCE_ROOT;
		};
		308D052D1370CCF300D202BF /* icons */ = {
			isa = PBXGroup;
			children = (
				30C1856519D5FC0A00212699 /* icon-60@3x.png */,
				7E7966D41810823500FA85AD /* icon-40.png */,
				7E7966D51810823500FA85AD /* icon-40@2x.png */,
				7E7966D61810823500FA85AD /* icon-50.png */,
				7E7966D71810823500FA85AD /* icon-50@2x.png */,
				7E7966D81810823500FA85AD /* icon-60.png */,
				7E7966D91810823500FA85AD /* icon-60@2x.png */,
				7E7966DA1810823500FA85AD /* icon-76.png */,
				7E7966DB1810823500FA85AD /* icon-76@2x.png */,
				7E7966DC1810823500FA85AD /* icon-small.png */,
				7E7966DD1810823500FA85AD /* icon-small@2x.png */,
				30FC414816E50CA1004E6F35 /* icon-72@2x.png */,
				308D052E1370CCF300D202BF /* icon-72.png */,
				308D052F1370CCF300D202BF /* icon.png */,
				308D05301370CCF300D202BF /* icon@2x.png */,
			);
			path = icons;
			sourceTree = "<group>";
		};
		308D05311370CCF300D202BF /* splash */ = {
			isa = PBXGroup;
			children = (
				30B4F2FD19D5E07200D9F7D8 /* Default-667h.png */,
				30B4F2FE19D5E07200D9F7D8 /* Default-736h.png */,
				30B4F2FF19D5E07200D9F7D8 /* Default-Landscape-736h.png */,
				D4A0D8751607E02300AEF8BB /* Default-568h@2x~iphone.png */,
				3088BBB7154F3926009F9C59 /* Default-Landscape@2x~ipad.png */,
				3088BBB8154F3926009F9C59 /* Default-Landscape~ipad.png */,
				3088BBB9154F3926009F9C59 /* Default-Portrait@2x~ipad.png */,
				3088BBBA154F3926009F9C59 /* Default-Portrait~ipad.png */,
				3088BBBB154F3926009F9C59 /* Default@2x~iphone.png */,
				3088BBBC154F3926009F9C59 /* Default~iphone.png */,
			);
			path = splash;
			sourceTree = "<group>";
		};
		EB87FDF11871DA420020F90C /* Staging */ = {
			isa = PBXGroup;
			children = (
				F840E1F0165FE0F500CFE078 /* config.xml */,
				301BF56E109A69640062928A /* www */,
			);
			name = Staging;
			sourceTree = "<group>";
		};
/* End PBXGroup section */

/* Begin PBXNativeTarget section */
		1D6058900D05DD3D006BFB54 /* TodayWeather */ = {
			isa = PBXNativeTarget;
			buildConfigurationList = 1D6058960D05DD3E006BFB54 /* Build configuration list for PBXNativeTarget "TodayWeather" */;
			buildPhases = (
				304B58A110DAC018002A0835 /* Copy www directory */,
				1D60588D0D05DD3D006BFB54 /* Resources */,
				1D60588E0D05DD3D006BFB54 /* Sources */,
				1D60588F0D05DD3D006BFB54 /* Frameworks */,
				2EEE00431BEC9DFF005337F0 /* Embed App Extensions */,
			);
			buildRules = (
			);
			dependencies = (
				301BF551109A68C00062928A /* PBXTargetDependency */,
				2EEE003B1BEC9DFF005337F0 /* PBXTargetDependency */,
			);
			name = TodayWeather;
			productName = TodayWeather;
			productReference = 1D6058910D05DD3D006BFB54 /* TodayWeather.app */;
			productType = "com.apple.product-type.application";
		};
		2EEE00241BEC9DFF005337F0 /* TodayWeather WatchKit 1 Extension */ = {
			isa = PBXNativeTarget;
			buildConfigurationList = 2EEE00421BEC9DFF005337F0 /* Build configuration list for PBXNativeTarget "TodayWeather WatchKit 1 Extension" */;
			buildPhases = (
				2EEE00211BEC9DFF005337F0 /* Sources */,
				2EEE00221BEC9DFF005337F0 /* Frameworks */,
				2EEE00231BEC9DFF005337F0 /* Resources */,
			);
			buildRules = (
			);
			dependencies = (
				2EEE00321BEC9DFF005337F0 /* PBXTargetDependency */,
			);
			name = "TodayWeather WatchKit 1 Extension";
			productName = "TodayWeather WatchKit 1 Extension";
			productReference = 2EEE00251BEC9DFF005337F0 /* TodayWeather WatchKit 1 Extension.appex */;
			productType = "com.apple.product-type.watchkit-extension";
		};
		2EEE002E1BEC9DFF005337F0 /* TodayWeather WatchKit 1 App */ = {
			isa = PBXNativeTarget;
			buildConfigurationList = 2EEE00411BEC9DFF005337F0 /* Build configuration list for PBXNativeTarget "TodayWeather WatchKit 1 App" */;
			buildPhases = (
				2EEE002D1BEC9DFF005337F0 /* Resources */,
			);
			buildRules = (
			);
			dependencies = (
			);
			name = "TodayWeather WatchKit 1 App";
			productName = "TodayWeather WatchKit 1 App";
			productReference = 2EEE002F1BEC9DFF005337F0 /* TodayWeather WatchKit 1 App.app */;
			productType = "com.apple.product-type.application.watchapp";
		};
/* End PBXNativeTarget section */

/* Begin PBXProject section */
		29B97313FDCFA39411CA2CEA /* Project object */ = {
			isa = PBXProject;
			attributes = {
				LastUpgradeCheck = 510;
				TargetAttributes = {
					1D6058900D05DD3D006BFB54 = {
						DevelopmentTeam = T9X5DG29UJ;
						SystemCapabilities = {
							com.apple.ApplicationGroups.iOS = {
								enabled = 1;
							};
						};
					};
					2EEE00241BEC9DFF005337F0 = {
						CreatedOnToolsVersion = 7.1;
						DevelopmentTeam = T9X5DG29UJ;
						SystemCapabilities = {
							com.apple.ApplicationGroups.iOS = {
								enabled = 1;
							};
						};
					};
					2EEE002E1BEC9DFF005337F0 = {
						CreatedOnToolsVersion = 7.1;
						DevelopmentTeam = T9X5DG29UJ;
						SystemCapabilities = {
							com.apple.ApplicationGroups.iOS = {
								enabled = 1;
							};
						};
					};
				};
			};
			buildConfigurationList = C01FCF4E08A954540054247B /* Build configuration list for PBXProject "TodayWeather" */;
			compatibilityVersion = "Xcode 3.2";
			developmentRegion = English;
			hasScannedForEncodings = 1;
			knownRegions = (
				English,
				Japanese,
				French,
				German,
				en,
				es,
				de,
				se,
				Base,
			);
			mainGroup = 29B97314FDCFA39411CA2CEA /* CustomTemplate */;
			projectDirPath = "";
			projectReferences = (
				{
					ProductGroup = 301BF52E109A57CC0062928A /* Products */;
					ProjectRef = 301BF52D109A57CC0062928A /* CordovaLib.xcodeproj */;
				},
			);
			projectRoot = "";
			targets = (
				1D6058900D05DD3D006BFB54 /* TodayWeather */,
				2EEE00241BEC9DFF005337F0 /* TodayWeather WatchKit 1 Extension */,
				2EEE002E1BEC9DFF005337F0 /* TodayWeather WatchKit 1 App */,
			);
		};
/* End PBXProject section */

/* Begin PBXReferenceProxy section */
		301BF535109A57CC0062928A /* libCordova.a */ = {
			isa = PBXReferenceProxy;
			fileType = archive.ar;
			path = libCordova.a;
			remoteRef = 301BF534109A57CC0062928A /* PBXContainerItemProxy */;
			sourceTree = BUILT_PRODUCTS_DIR;
		};
/* End PBXReferenceProxy section */

/* Begin PBXResourcesBuildPhase section */
		1D60588D0D05DD3D006BFB54 /* Resources */ = {
			isa = PBXResourcesBuildPhase;
			buildActionMask = 2147483647;
			files = (
				7E7966E41810823500FA85AD /* icon-76.png in Resources */,
				7E7966DF1810823500FA85AD /* icon-40@2x.png in Resources */,
				308D05371370CCF300D202BF /* icon-72.png in Resources */,
				30B4F30119D5E07200D9F7D8 /* Default-736h.png in Resources */,
				308D05381370CCF300D202BF /* icon.png in Resources */,
				308D05391370CCF300D202BF /* icon@2x.png in Resources */,
				302D95F214D2391D003F00A1 /* MainViewController.xib in Resources */,
				7E7966E01810823500FA85AD /* icon-50.png in Resources */,
				7E7966E31810823500FA85AD /* icon-60@2x.png in Resources */,
				7E7966E61810823500FA85AD /* icon-small.png in Resources */,
				3088BBBD154F3926009F9C59 /* Default-Landscape@2x~ipad.png in Resources */,
				3088BBBE154F3926009F9C59 /* Default-Landscape~ipad.png in Resources */,
				3088BBBF154F3926009F9C59 /* Default-Portrait@2x~ipad.png in Resources */,
				7E7966E71810823500FA85AD /* icon-small@2x.png in Resources */,
				3088BBC0154F3926009F9C59 /* Default-Portrait~ipad.png in Resources */,
				30B4F30019D5E07200D9F7D8 /* Default-667h.png in Resources */,
				7E7966DE1810823500FA85AD /* icon-40.png in Resources */,
				3088BBC1154F3926009F9C59 /* Default@2x~iphone.png in Resources */,
				7E7966E21810823500FA85AD /* icon-60.png in Resources */,
				3088BBC2154F3926009F9C59 /* Default~iphone.png in Resources */,
				D4A0D8761607E02300AEF8BB /* Default-568h@2x~iphone.png in Resources */,
				30B4F30219D5E07200D9F7D8 /* Default-Landscape-736h.png in Resources */,
				30C1856619D5FC0A00212699 /* icon-60@3x.png in Resources */,
				7E7966E11810823500FA85AD /* icon-50@2x.png in Resources */,
				7E7966E51810823500FA85AD /* icon-76@2x.png in Resources */,
				30FC414916E50CA1004E6F35 /* icon-72@2x.png in Resources */,
			);
			runOnlyForDeploymentPostprocessing = 0;
		};
		2EEE00231BEC9DFF005337F0 /* Resources */ = {
			isa = PBXResourcesBuildPhase;
			buildActionMask = 2147483647;
			files = (
				2EEE00301BEC9DFF005337F0 /* TodayWeather WatchKit 1 App.app in Resources */,
				2EEE002B1BEC9DFF005337F0 /* Assets.xcassets in Resources */,
			);
			runOnlyForDeploymentPostprocessing = 0;
		};
		2EEE002D1BEC9DFF005337F0 /* Resources */ = {
			isa = PBXResourcesBuildPhase;
			buildActionMask = 2147483647;
			files = (
				2EEE006E1BEDEC68005337F0 /* Sun.png in Resources */,
				2EEE00671BEDEC68005337F0 /* Lightning.png in Resources */,
				2EEE00381BEC9DFF005337F0 /* Assets.xcassets in Resources */,
				2EEE006D1BEDEC68005337F0 /* Snow.png in Resources */,
				2EEE006B1BEDEC68005337F0 /* RainWithLightning.png in Resources */,
				2EEE00691BEDEC68005337F0 /* MoonWithCloud.png in Resources */,
				2EEE00681BEDEC68005337F0 /* Moon.png in Resources */,
				2EEE00661BEDEC68005337F0 /* Cloud.png in Resources */,
				2EEE00711BEDEC68005337F0 /* SunWithCloud.png in Resources */,
				2EEE00361BEC9DFF005337F0 /* Interface.storyboard in Resources */,
				2EEE006A1BEDEC68005337F0 /* Rain.png in Resources */,
				2EEE006F1BEDEC68005337F0 /* SunRising.png in Resources */,
				2EEE00721BEDEC68005337F0 /* WindWithCloud.png in Resources */,
				2EEE006C1BEDEC68005337F0 /* RainWithSnow.png in Resources */,
				2EEE00701BEDEC68005337F0 /* SunSet.png in Resources */,
				2EEE00CF1BEF9EA1005337F0 /* reddot.png in Resources */,
			);
			runOnlyForDeploymentPostprocessing = 0;
		};
/* End PBXResourcesBuildPhase section */

/* Begin PBXShellScriptBuildPhase section */
		304B58A110DAC018002A0835 /* Copy www directory */ = {
			isa = PBXShellScriptBuildPhase;
			buildActionMask = 2147483647;
			files = (
			);
			inputPaths = (
			);
			name = "Copy www directory";
			outputPaths = (
			);
			runOnlyForDeploymentPostprocessing = 0;
			shellPath = /bin/sh;
			shellScript = "NODEJS_PATH=/usr/local/bin; NVM_NODE_PATH=~/.nvm/versions/node/`nvm version 2>/dev/null`/bin; N_NODE_PATH=`find /usr/local/n/versions/node/* -maxdepth 0 -type d 2>/dev/null | tail -1`/bin; XCODE_NODE_PATH=`xcode-select --print-path`/usr/share/xcs/Node/bin; PATH=$NODEJS_PATH:$NVM_NODE_PATH:$N_NODE_PATH:$XCODE_NODE_PATH:$PATH && node cordova/lib/copy-www-build-step.js";
			showEnvVarsInLog = 0;
		};
/* End PBXShellScriptBuildPhase section */

/* Begin PBXSourcesBuildPhase section */
		1D60588E0D05DD3D006BFB54 /* Sources */ = {
			isa = PBXSourcesBuildPhase;
			buildActionMask = 2147483647;
			files = (
				1D60589B0D05DD56006BFB54 /* main.m in Sources */,
				1D3623260D0F684500981E51 /* AppDelegate.m in Sources */,
				302D95F114D2391D003F00A1 /* MainViewController.m in Sources */,
				E491DE137ACB45388C21182F /* CDVDevice.m in Sources */,
				181232A339E841BAB8E9ACEC /* CDVLogger.m in Sources */,
				53D10C8E9DE44A9B91B887C7 /* CDVSplashScreen.m in Sources */,
				B156938832884C30A8887742 /* CDVViewController+SplashScreen.m in Sources */,
				662B63D415E74B34A2C49038 /* IonicKeyboard.m in Sources */,
				D6378014B70A469DAD5DF1C9 /* UIWebViewExtension.m in Sources */,
				39886C2B99404DC9BB5B4978 /* CDVLocation.m in Sources */,
				CBB35A6AA9C14F3DAB017E98 /* CDVStatusBar.m in Sources */,
				E611ED4A1F384B63AB1231F7 /* IonicConstant.m in Sources */,
				B79756D35BE247B8838FE9E1 /* IonicDeploy.m in Sources */,
				75922E3744ED4522826C2362 /* Download.m in Sources */,
				28192C2BAC63449DBCD00F9B /* DownloadManager.m in Sources */,
				911BB285A0AC41888466B015 /* SSZipArchive.m in Sources */,
				37263B04332E4D58A1999D87 /* ioapi.c in Sources */,
				03C1354886AB442DB8DB6689 /* unzip.c in Sources */,
				54AE8FDB67CA4790B2DC4AFE /* zip.c in Sources */,
				75C7C0695831435DBDE2F759 /* adler32.c in Sources */,
				D7F983C7795D487FA1A28DD6 /* compress.c in Sources */,
				F1D3CFC8626D4C3F8AF87AF7 /* crc32.c in Sources */,
				56E87C58713447A3B34742F3 /* deflate.c in Sources */,
				B9CBB5EFC2744959984A6323 /* gzclose.c in Sources */,
				72C6A104E3B0458AB72BF0DE /* gzlib.c in Sources */,
				BD67010EA652453790D760C2 /* gzread.c in Sources */,
				E06FFEAB9456420393ECCD50 /* gzwrite.c in Sources */,
				00AE555FBFC04D5BBF0B6CFD /* infback.c in Sources */,
				2CD9C78432DA4CA085FB3617 /* inffast.c in Sources */,
				035BF24EC9EA46968D7C32E9 /* inflate.c in Sources */,
				B8FF3E7F3F33470790B5E9E9 /* inftrees.c in Sources */,
				2D3F21C61B054EFA8B8DB8F7 /* trees.c in Sources */,
				F536D7E7BA2749CDAF149F9A /* uncompr.c in Sources */,
				D1ABDA503ECB433788D5C6B4 /* zutil.c in Sources */,
				1F17A09F9B4B41B99ED36662 /* Base64.m in Sources */,
				A62EC618B9034399A7D3EBA2 /* UNIHTTPClientHelper.m in Sources */,
				6ABEEE6E0D7346178DC2E38F /* UNIHTTPRequest.m in Sources */,
				95B69E7AEBFA45ABB75EF495 /* UNIHTTPRequestWithBody.m in Sources */,
				F21284A520254F1FAB92F169 /* UNIRest.m in Sources */,
				59CBEA8C1A6F455486068975 /* UNIUrlConnection.m in Sources */,
				A4C24AFEADAB47088CC411DB /* UNIBaseRequest.m in Sources */,
				0CAF7278A186469A9DA98879 /* UNIBodyRequest.m in Sources */,
				F9552388B6374C7597BEB829 /* UNISimpleRequest.m in Sources */,
				C4C9FD026C584FBCAD7FE39D /* UNIHTTPBinaryResponse.m in Sources */,
				EB8973FD0F324826BAE08EDD /* UNIHTTPJsonResponse.m in Sources */,
				CB7B7B9F8E0245B8AAB0FCBF /* UNIHTTPResponse.m in Sources */,
				347330260FA84070A8684AB2 /* UNIHTTPStringResponse.m in Sources */,
				DC5F78FC92764E49A6723EE6 /* UNIJsonNode.m in Sources */,
				AE2BD3E008AA4D529017EE74 /* AppleWatch.m in Sources */,
				6C49C336027B4234BA582EC7 /* MMWormhole.m in Sources */,
				D865CDDF8EDF4D1BBFF80814 /* MMWormholeCoordinatedFileTransiting.m in Sources */,
				DAC9CA5C54044725A4556362 /* MMWormholeFileTransiting.m in Sources */,
				41EF7247154B4CB488F013FC /* MMWormholeSession.h in Sources */,
				E9436E6831754693B7C00CC6 /* MMWormholeSession.m in Sources */,
				E3CAD63FBDAC4951A669AFDA /* MMWormholeSessionContextTransiting.h in Sources */,
				4DD0C6CCECE346249ECCE2D7 /* MMWormholeSessionContextTransiting.m in Sources */,
				4B7D190934B64E34BA39937F /* MMWormholeSessionFileTransiting.h in Sources */,
				D2A3C603097549138291882B /* MMWormholeSessionFileTransiting.m in Sources */,
				F35CEE8B8AB147B794991244 /* MMWormholeSessionMessageTransiting.h in Sources */,
				D0D5183B707C48FA89F7A9E4 /* MMWormholeSessionMessageTransiting.m in Sources */,
				C80FCAAA09324AD3AB6C3684 /* MMWormholeTransiting.h in Sources */,
			);
			runOnlyForDeploymentPostprocessing = 0;
		};
		2EEE00211BEC9DFF005337F0 /* Sources */ = {
			isa = PBXSourcesBuildPhase;
			buildActionMask = 2147483647;
			files = (
				2EEE00481BEC9EB3005337F0 /* MMWormholeSession.m in Sources */,
				2EEE00461BEC9EAC005337F0 /* MMWormholeCoordinatedFileTransiting.m in Sources */,
				2EEE004B1BEC9EBB005337F0 /* MMWormholeSessionMessageTransiting.m in Sources */,
				2EEE00491BEC9EB5005337F0 /* MMWormholeSessionContextTransiting.m in Sources */,
				2EEE00451BEC9EA8005337F0 /* MMWormhole.m in Sources */,
				2EEE00291BEC9DFF005337F0 /* InterfaceController.m in Sources */,
				2EEE00471BEC9EAE005337F0 /* MMWormholeFileTransiting.m in Sources */,
				2EEE004A1BEC9EB8005337F0 /* MMWormholeSessionFileTransiting.m in Sources */,
			);
			runOnlyForDeploymentPostprocessing = 0;
		};
/* End PBXSourcesBuildPhase section */

/* Begin PBXTargetDependency section */
		2EEE00321BEC9DFF005337F0 /* PBXTargetDependency */ = {
			isa = PBXTargetDependency;
			target = 2EEE002E1BEC9DFF005337F0 /* TodayWeather WatchKit 1 App */;
			targetProxy = 2EEE00311BEC9DFF005337F0 /* PBXContainerItemProxy */;
		};
		2EEE003B1BEC9DFF005337F0 /* PBXTargetDependency */ = {
			isa = PBXTargetDependency;
			target = 2EEE00241BEC9DFF005337F0 /* TodayWeather WatchKit 1 Extension */;
			targetProxy = 2EEE003A1BEC9DFF005337F0 /* PBXContainerItemProxy */;
		};
		301BF551109A68C00062928A /* PBXTargetDependency */ = {
			isa = PBXTargetDependency;
			name = CordovaLib;
			targetProxy = 301BF550109A68C00062928A /* PBXContainerItemProxy */;
		};
/* End PBXTargetDependency section */

/* Begin PBXVariantGroup section */
		2EEE00341BEC9DFF005337F0 /* Interface.storyboard */ = {
			isa = PBXVariantGroup;
			children = (
				2EEE00351BEC9DFF005337F0 /* Base */,
			);
			name = Interface.storyboard;
			sourceTree = "<group>";
		};
/* End PBXVariantGroup section */

/* Begin XCBuildConfiguration section */
		1D6058940D05DD3E006BFB54 /* Debug */ = {
			isa = XCBuildConfiguration;
			buildSettings = {
				ALWAYS_SEARCH_USER_PATHS = NO;
				CLANG_ENABLE_OBJC_ARC = YES;
				CODE_SIGN_ENTITLEMENTS = TodayWeather/TodayWeather.entitlements;
				COPY_PHASE_STRIP = NO;
				GCC_DYNAMIC_NO_PIC = NO;
				GCC_OPTIMIZATION_LEVEL = 0;
				GCC_PRECOMPILE_PREFIX_HEADER = YES;
				GCC_PREFIX_HEADER = "TodayWeather/TodayWeather-Prefix.pch";
				GCC_THUMB_SUPPORT = NO;
				GCC_VERSION = "";
				INFOPLIST_FILE = "TodayWeather/TodayWeather-Info.plist";
				IPHONEOS_DEPLOYMENT_TARGET = 6.0;
				OTHER_LDFLAGS = (
					"-weak_framework",
					CoreFoundation,
					"-weak_framework",
					UIKit,
					"-weak_framework",
					AVFoundation,
					"-weak_framework",
					CoreMedia,
					"-weak-lSystem",
					"-ObjC",
				);
				PRODUCT_NAME = TodayWeather;
				TARGETED_DEVICE_FAMILY = "1,2";
			};
			name = Debug;
		};
		1D6058950D05DD3E006BFB54 /* Release */ = {
			isa = XCBuildConfiguration;
			buildSettings = {
				ALWAYS_SEARCH_USER_PATHS = NO;
				CLANG_ENABLE_OBJC_ARC = YES;
				CODE_SIGN_ENTITLEMENTS = TodayWeather/TodayWeather.entitlements;
				COPY_PHASE_STRIP = YES;
				GCC_PRECOMPILE_PREFIX_HEADER = YES;
				GCC_PREFIX_HEADER = "TodayWeather/TodayWeather-Prefix.pch";
				GCC_THUMB_SUPPORT = NO;
				GCC_VERSION = "";
				INFOPLIST_FILE = "TodayWeather/TodayWeather-Info.plist";
				IPHONEOS_DEPLOYMENT_TARGET = 6.0;
				OTHER_LDFLAGS = (
					"-weak_framework",
					CoreFoundation,
					"-weak_framework",
					UIKit,
					"-weak_framework",
					AVFoundation,
					"-weak_framework",
					CoreMedia,
					"-weak-lSystem",
					"-ObjC",
				);
				PRODUCT_NAME = TodayWeather;
				TARGETED_DEVICE_FAMILY = "1,2";
			};
			name = Release;
		};
		2EEE003D1BEC9DFF005337F0 /* Debug */ = {
			isa = XCBuildConfiguration;
			buildSettings = {
				ALWAYS_SEARCH_USER_PATHS = NO;
				CLANG_CXX_LANGUAGE_STANDARD = "gnu++0x";
				CLANG_CXX_LIBRARY = "libc++";
				CLANG_ENABLE_MODULES = YES;
				CLANG_WARN_DIRECT_OBJC_ISA_USAGE = YES_ERROR;
				CLANG_WARN_OBJC_ROOT_CLASS = YES_ERROR;
				CLANG_WARN_UNREACHABLE_CODE = YES;
				CODE_SIGN_ENTITLEMENTS = "TodayWeather WatchKit 1 Extension/TodayWeather WatchKit 1 Extension.entitlements";
				COPY_PHASE_STRIP = NO;
				DEBUG_INFORMATION_FORMAT = dwarf;
				ENABLE_STRICT_OBJC_MSGSEND = YES;
				ENABLE_TESTABILITY = YES;
				GCC_C_LANGUAGE_STANDARD = gnu99;
				GCC_DYNAMIC_NO_PIC = NO;
				GCC_NO_COMMON_BLOCKS = YES;
				GCC_OPTIMIZATION_LEVEL = 0;
				GCC_PREPROCESSOR_DEFINITIONS = (
					"DEBUG=1",
					"$(inherited)",
				);
				GCC_WARN_64_TO_32_BIT_CONVERSION = YES;
				GCC_WARN_ABOUT_RETURN_TYPE = YES_ERROR;
				GCC_WARN_UNINITIALIZED_AUTOS = YES_AGGRESSIVE;
				INFOPLIST_FILE = "TodayWeather WatchKit 1 Extension/Info.plist";
				IPHONEOS_DEPLOYMENT_TARGET = 8.2;
				LD_RUNPATH_SEARCH_PATHS = "$(inherited) @executable_path/Frameworks @executable_path/../../Frameworks";
				MTL_ENABLE_DEBUG_INFO = YES;
				PRODUCT_BUNDLE_IDENTIFIER = net.wizardfactory.todayweather.watchkitextension;
				PRODUCT_NAME = "${TARGET_NAME}";
				SKIP_INSTALL = YES;
			};
			name = Debug;
		};
		2EEE003E1BEC9DFF005337F0 /* Release */ = {
			isa = XCBuildConfiguration;
			buildSettings = {
				ALWAYS_SEARCH_USER_PATHS = NO;
				CLANG_CXX_LANGUAGE_STANDARD = "gnu++0x";
				CLANG_CXX_LIBRARY = "libc++";
				CLANG_ENABLE_MODULES = YES;
				CLANG_WARN_DIRECT_OBJC_ISA_USAGE = YES_ERROR;
				CLANG_WARN_OBJC_ROOT_CLASS = YES_ERROR;
				CLANG_WARN_UNREACHABLE_CODE = YES;
				CODE_SIGN_ENTITLEMENTS = "TodayWeather WatchKit 1 Extension/TodayWeather WatchKit 1 Extension.entitlements";
				COPY_PHASE_STRIP = NO;
				DEBUG_INFORMATION_FORMAT = "dwarf-with-dsym";
				ENABLE_NS_ASSERTIONS = NO;
				ENABLE_STRICT_OBJC_MSGSEND = YES;
				GCC_C_LANGUAGE_STANDARD = gnu99;
				GCC_NO_COMMON_BLOCKS = YES;
				GCC_WARN_64_TO_32_BIT_CONVERSION = YES;
				GCC_WARN_ABOUT_RETURN_TYPE = YES_ERROR;
				GCC_WARN_UNINITIALIZED_AUTOS = YES_AGGRESSIVE;
				INFOPLIST_FILE = "TodayWeather WatchKit 1 Extension/Info.plist";
				IPHONEOS_DEPLOYMENT_TARGET = 8.2;
				LD_RUNPATH_SEARCH_PATHS = "$(inherited) @executable_path/Frameworks @executable_path/../../Frameworks";
				MTL_ENABLE_DEBUG_INFO = NO;
				PRODUCT_BUNDLE_IDENTIFIER = net.wizardfactory.todayweather.watchkitextension;
				PRODUCT_NAME = "${TARGET_NAME}";
				SKIP_INSTALL = YES;
				VALIDATE_PRODUCT = YES;
			};
			name = Release;
		};
		2EEE003F1BEC9DFF005337F0 /* Debug */ = {
			isa = XCBuildConfiguration;
			buildSettings = {
				ALWAYS_SEARCH_USER_PATHS = NO;
				ASSETCATALOG_COMPILER_APPICON_NAME = AppIcon;
				CLANG_CXX_LANGUAGE_STANDARD = "gnu++0x";
				CLANG_CXX_LIBRARY = "libc++";
				CLANG_ENABLE_MODULES = YES;
				CLANG_WARN_DIRECT_OBJC_ISA_USAGE = YES_ERROR;
				CLANG_WARN_OBJC_ROOT_CLASS = YES_ERROR;
				CLANG_WARN_UNREACHABLE_CODE = YES;
				CODE_SIGN_ENTITLEMENTS = "TodayWeather WatchKit 1 App/TodayWeather WatchKit 1 App.entitlements";
				CODE_SIGN_IDENTITY = "iPhone Developer";
				COPY_PHASE_STRIP = NO;
				DEBUG_INFORMATION_FORMAT = dwarf;
				ENABLE_STRICT_OBJC_MSGSEND = YES;
				ENABLE_TESTABILITY = YES;
				GCC_C_LANGUAGE_STANDARD = gnu99;
				GCC_DYNAMIC_NO_PIC = NO;
				GCC_NO_COMMON_BLOCKS = YES;
				GCC_OPTIMIZATION_LEVEL = 0;
				GCC_PREPROCESSOR_DEFINITIONS = (
					"DEBUG=1",
					"$(inherited)",
				);
				GCC_WARN_64_TO_32_BIT_CONVERSION = YES;
				GCC_WARN_ABOUT_RETURN_TYPE = YES_ERROR;
				GCC_WARN_UNINITIALIZED_AUTOS = YES_AGGRESSIVE;
				IBSC_MODULE = TodayWeather_WatchKit_1_Extension;
				INFOPLIST_FILE = "TodayWeather WatchKit 1 App/Info.plist";
				IPHONEOS_DEPLOYMENT_TARGET = 8.2;
				MTL_ENABLE_DEBUG_INFO = YES;
				PRODUCT_BUNDLE_IDENTIFIER = net.wizardfactory.todayweather.watchkitapp;
				PRODUCT_NAME = "$(TARGET_NAME)";
				SKIP_INSTALL = YES;
				TARGETED_DEVICE_FAMILY = 4;
				"TARGETED_DEVICE_FAMILY[sdk=iphonesimulator*]" = "1,4";
			};
			name = Debug;
		};
		2EEE00401BEC9DFF005337F0 /* Release */ = {
			isa = XCBuildConfiguration;
			buildSettings = {
				ALWAYS_SEARCH_USER_PATHS = NO;
				ASSETCATALOG_COMPILER_APPICON_NAME = AppIcon;
				CLANG_CXX_LANGUAGE_STANDARD = "gnu++0x";
				CLANG_CXX_LIBRARY = "libc++";
				CLANG_ENABLE_MODULES = YES;
				CLANG_WARN_DIRECT_OBJC_ISA_USAGE = YES_ERROR;
				CLANG_WARN_OBJC_ROOT_CLASS = YES_ERROR;
				CLANG_WARN_UNREACHABLE_CODE = YES;
				CODE_SIGN_ENTITLEMENTS = "TodayWeather WatchKit 1 App/TodayWeather WatchKit 1 App.entitlements";
				CODE_SIGN_IDENTITY = "iPhone Developer";
				COPY_PHASE_STRIP = NO;
				DEBUG_INFORMATION_FORMAT = "dwarf-with-dsym";
				ENABLE_NS_ASSERTIONS = NO;
				ENABLE_STRICT_OBJC_MSGSEND = YES;
				GCC_C_LANGUAGE_STANDARD = gnu99;
				GCC_NO_COMMON_BLOCKS = YES;
				GCC_WARN_64_TO_32_BIT_CONVERSION = YES;
				GCC_WARN_ABOUT_RETURN_TYPE = YES_ERROR;
				GCC_WARN_UNINITIALIZED_AUTOS = YES_AGGRESSIVE;
				IBSC_MODULE = TodayWeather_WatchKit_1_Extension;
				INFOPLIST_FILE = "TodayWeather WatchKit 1 App/Info.plist";
				IPHONEOS_DEPLOYMENT_TARGET = 8.2;
				MTL_ENABLE_DEBUG_INFO = NO;
				PRODUCT_BUNDLE_IDENTIFIER = net.wizardfactory.todayweather.watchkitapp;
				PRODUCT_NAME = "$(TARGET_NAME)";
				SKIP_INSTALL = YES;
				TARGETED_DEVICE_FAMILY = 4;
				"TARGETED_DEVICE_FAMILY[sdk=iphonesimulator*]" = "1,4";
				VALIDATE_PRODUCT = YES;
			};
			name = Release;
		};
		C01FCF4F08A954540054247B /* Debug */ = {
			isa = XCBuildConfiguration;
			buildSettings = {
				CLANG_ENABLE_OBJC_ARC = YES;
				CLANG_WARN_BOOL_CONVERSION = YES;
				CLANG_WARN_CONSTANT_CONVERSION = YES;
				CLANG_WARN_EMPTY_BODY = YES;
				CLANG_WARN_ENUM_CONVERSION = YES;
				CLANG_WARN_INT_CONVERSION = YES;
				CLANG_WARN__DUPLICATE_METHOD_MATCH = YES;
				"CODE_SIGN_IDENTITY[sdk=iphoneos*]" = "iPhone Developer";
				GCC_C_LANGUAGE_STANDARD = c99;
				GCC_THUMB_SUPPORT = NO;
				GCC_VERSION = "";
				GCC_WARN_ABOUT_RETURN_TYPE = YES;
				GCC_WARN_UNDECLARED_SELECTOR = YES;
				GCC_WARN_UNINITIALIZED_AUTOS = YES;
				GCC_WARN_UNUSED_FUNCTION = YES;
				GCC_WARN_UNUSED_VARIABLE = YES;
				HEADER_SEARCH_PATHS = (
					"\"$(TARGET_BUILD_DIR)/usr/local/lib/include\"",
					"\"$(OBJROOT)/UninstalledProducts/include\"",
					"\"$(BUILT_PRODUCTS_DIR)\"",
				);
				IPHONEOS_DEPLOYMENT_TARGET = 6.0;
				ONLY_ACTIVE_ARCH = YES;
				OTHER_LDFLAGS = (
					"-weak_framework",
					CoreFoundation,
					"-weak_framework",
					UIKit,
					"-weak_framework",
					AVFoundation,
					"-weak_framework",
					CoreMedia,
					"-weak-lSystem",
					"-ObjC",
				);
				SDKROOT = iphoneos;
				SKIP_INSTALL = NO;
				USER_HEADER_SEARCH_PATHS = "";
			};
			name = Debug;
		};
		C01FCF5008A954540054247B /* Release */ = {
			isa = XCBuildConfiguration;
			buildSettings = {
				CLANG_ENABLE_OBJC_ARC = YES;
				CLANG_WARN_BOOL_CONVERSION = YES;
				CLANG_WARN_CONSTANT_CONVERSION = YES;
				CLANG_WARN_EMPTY_BODY = YES;
				CLANG_WARN_ENUM_CONVERSION = YES;
				CLANG_WARN_INT_CONVERSION = YES;
				CLANG_WARN__DUPLICATE_METHOD_MATCH = YES;
				"CODE_SIGN_IDENTITY[sdk=iphoneos*]" = "iPhone Developer";
				GCC_C_LANGUAGE_STANDARD = c99;
				GCC_THUMB_SUPPORT = NO;
				GCC_VERSION = "";
				GCC_WARN_ABOUT_RETURN_TYPE = YES;
				GCC_WARN_UNDECLARED_SELECTOR = YES;
				GCC_WARN_UNINITIALIZED_AUTOS = YES;
				GCC_WARN_UNUSED_FUNCTION = YES;
				GCC_WARN_UNUSED_VARIABLE = YES;
				HEADER_SEARCH_PATHS = (
					"\"$(TARGET_BUILD_DIR)/usr/local/lib/include\"",
					"\"$(OBJROOT)/UninstalledProducts/include\"",
					"\"$(BUILT_PRODUCTS_DIR)\"",
					"\"$(OBJROOT)/UninstalledProducts/$(PLATFORM_NAME)/include\"",
				);
				IPHONEOS_DEPLOYMENT_TARGET = 6.0;
				OTHER_LDFLAGS = (
					"-weak_framework",
					CoreFoundation,
					"-weak_framework",
					UIKit,
					"-weak_framework",
					AVFoundation,
					"-weak_framework",
					CoreMedia,
					"-weak-lSystem",
					"-ObjC",
				);
				SDKROOT = iphoneos;
				SKIP_INSTALL = NO;
				USER_HEADER_SEARCH_PATHS = "";
			};
			name = Release;
		};
/* End XCBuildConfiguration section */

/* Begin XCConfigurationList section */
		1D6058960D05DD3E006BFB54 /* Build configuration list for PBXNativeTarget "TodayWeather" */ = {
			isa = XCConfigurationList;
			buildConfigurations = (
				1D6058940D05DD3E006BFB54 /* Debug */,
				1D6058950D05DD3E006BFB54 /* Release */,
			);
			defaultConfigurationIsVisible = 0;
			defaultConfigurationName = Release;
		};
		2EEE00411BEC9DFF005337F0 /* Build configuration list for PBXNativeTarget "TodayWeather WatchKit 1 App" */ = {
			isa = XCConfigurationList;
			buildConfigurations = (
				2EEE003F1BEC9DFF005337F0 /* Debug */,
				2EEE00401BEC9DFF005337F0 /* Release */,
			);
			defaultConfigurationIsVisible = 0;
			defaultConfigurationName = Release;
		};
		2EEE00421BEC9DFF005337F0 /* Build configuration list for PBXNativeTarget "TodayWeather WatchKit 1 Extension" */ = {
			isa = XCConfigurationList;
			buildConfigurations = (
				2EEE003D1BEC9DFF005337F0 /* Debug */,
				2EEE003E1BEC9DFF005337F0 /* Release */,
			);
			defaultConfigurationIsVisible = 0;
			defaultConfigurationName = Release;
		};
		C01FCF4E08A954540054247B /* Build configuration list for PBXProject "TodayWeather" */ = {
			isa = XCConfigurationList;
			buildConfigurations = (
				C01FCF4F08A954540054247B /* Debug */,
				C01FCF5008A954540054247B /* Release */,
			);
			defaultConfigurationIsVisible = 0;
			defaultConfigurationName = Release;
		};
/* End XCConfigurationList section */
	};
	rootObject = 29B97313FDCFA39411CA2CEA /* Project object */;
}
